// !$*UTF8*$!
{
	archiveVersion = 1;
	classes = {
	};
	objectVersion = 46;
	objects = {

/* Begin PBXBuildFile section */
		1D60589B0D05DD56006BFB54 /* main.m in Sources */ = {isa = PBXBuildFile; fileRef = 29B97316FDCFA39411CA2CEA /* main.m */; };
		1D60589F0D05DD5A006BFB54 /* Foundation.framework in Frameworks */ = {isa = PBXBuildFile; fileRef = 1D30AB110D05D00D00671497 /* Foundation.framework */; };
		1DF5F4E00D08C38300B7A737 /* UIKit.framework in Frameworks */ = {isa = PBXBuildFile; fileRef = 1DF5F4DF0D08C38300B7A737 /* UIKit.framework */; };
		28216C970DB411BC00E5133A /* BugReportViewController.m in Sources */ = {isa = PBXBuildFile; fileRef = 28216C960DB411BC00E5133A /* BugReportViewController.m */; };
		2840D7CE1179279E00D7F93C /* ReportView.xib in Resources */ = {isa = PBXBuildFile; fileRef = 2840D7CD1179279E00D7F93C /* ReportView.xib */; };
		288765080DF74369002DB57D /* CoreGraphics.framework in Frameworks */ = {isa = PBXBuildFile; fileRef = 288765070DF74369002DB57D /* CoreGraphics.framework */; };
		62101CACD88F4DE095BA58DA /* libPods.a in Frameworks */ = {isa = PBXBuildFile; fileRef = E4A720DBC61F40BDB6246B59 /* libPods.a */; };
		AB105EBA14EDC9E2000DB145 /* ProcessListView.xib in Resources */ = {isa = PBXBuildFile; fileRef = AB105EB914EDC9E2000DB145 /* ProcessListView.xib */; };
		AB105EBD14EDCA57000DB145 /* ProcessListViewController.m in Sources */ = {isa = PBXBuildFile; fileRef = AB105EBC14EDCA57000DB145 /* ProcessListViewController.m */; };
		AB105EBF14EDCCD2000DB145 /* jscoreinfo.html in Resources */ = {isa = PBXBuildFile; fileRef = AB105EBE14EDCCD2000DB145 /* jscoreinfo.html */; };
		AB105EC114EDD0CE000DB145 /* jscoreplot.png in Resources */ = {isa = PBXBuildFile; fileRef = AB105EC014EDD0CE000DB145 /* jscoreplot.png */; };
		AB105EC314EDD2D3000DB145 /* ProcessItemCell.xib in Resources */ = {isa = PBXBuildFile; fileRef = AB105EC214EDD2D2000DB145 /* ProcessItemCell.xib */; };
		AB1E7AB414CF8ECE0010617A /* Entitlements.plist in Resources */ = {isa = PBXBuildFile; fileRef = AB1E7AB314CF8ECD0010617A /* Entitlements.plist */; };
		AB244AF814E10D660055FCD6 /* ActionItemCell.xib in Resources */ = {isa = PBXBuildFile; fileRef = AB244AF714E10D660055FCD6 /* ActionItemCell.xib */; };
		AB34BBE9151A3E85006C4C76 /* ConsentView.xib in Resources */ = {isa = PBXBuildFile; fileRef = AB34BBE8151A3E85006C4C76 /* ConsentView.xib */; };
		AB34BBEE151A3EB8006C4C76 /* ConsentViewController.m in Sources */ = {isa = PBXBuildFile; fileRef = AB34BBEC151A3EB8006C4C76 /* ConsentViewController.m */; };
		AB3B89C916C03A26007C8596 /* Social.framework in Frameworks */ = {isa = PBXBuildFile; fileRef = AB3B89C816C03A26007C8596 /* Social.framework */; settings = {ATTRIBUTES = (Weak, ); }; };
		AB41CDF3144E1AF60090CC09 /* UIDeviceProc.m in Sources */ = {isa = PBXBuildFile; fileRef = AB41CDF2144E1AF60090CC09 /* UIDeviceProc.m */; };
		AB41CDF4144E1E520090CC09 /* CaratAppDelegate.m in Sources */ = {isa = PBXBuildFile; fileRef = AB41CDF6144E1E520090CC09 /* CaratAppDelegate.m */; };
		AB41CDF8144E27200090CC09 /* CoreLocation.framework in Frameworks */ = {isa = PBXBuildFile; fileRef = AB41CDF7144E27200090CC09 /* CoreLocation.framework */; };
		AB41CDFA144E3B660090CC09 /* SystemConfiguration.framework in Frameworks */ = {isa = PBXBuildFile; fileRef = AB41CDF9144E3B660090CC09 /* SystemConfiguration.framework */; };
		AB41CDFD144E3B990090CC09 /* Reachability.m in Sources */ = {isa = PBXBuildFile; fileRef = AB41CDFC144E3B990090CC09 /* Reachability.m */; };
		AB41CE06144F56D40090CC09 /* CaratAppDelegate_iPhone.m in Sources */ = {isa = PBXBuildFile; fileRef = AB41CE05144F56D40090CC09 /* CaratAppDelegate_iPhone.m */; };
		AB41CE09144F56E90090CC09 /* CaratAppDelegate_iPad.m in Sources */ = {isa = PBXBuildFile; fileRef = AB41CE08144F56E90090CC09 /* CaratAppDelegate_iPad.m */; };
		AB41CE1C1450BC060090CC09 /* hog.png in Resources */ = {isa = PBXBuildFile; fileRef = AB41CE1A1450BC060090CC09 /* hog.png */; };
		AB41CE2E145229FE0090CC09 /* CurrentView.xib in Resources */ = {isa = PBXBuildFile; fileRef = AB41CE2D145229FE0090CC09 /* CurrentView.xib */; };
		AB583D6E14DB27AD00480241 /* UIImageDoNotCache.m in Sources */ = {isa = PBXBuildFile; fileRef = AB583D6D14DB27AC00480241 /* UIImageDoNotCache.m */; };
		AB645DF61456F9EC0008244B /* icon57.png in Resources */ = {isa = PBXBuildFile; fileRef = AB645DF51456F9EC0008244B /* icon57.png */; };
		AB645DF81456FCED0008244B /* icon114.png in Resources */ = {isa = PBXBuildFile; fileRef = AB645DF71456FCED0008244B /* icon114.png */; };
		AB645DFA1456FD0C0008244B /* icon72.png in Resources */ = {isa = PBXBuildFile; fileRef = AB645DF91456FD0C0008244B /* icon72.png */; };
		AB645E021456FE530008244B /* Default.png in Resources */ = {isa = PBXBuildFile; fileRef = AB645E011456FE530008244B /* Default.png */; };
		AB645E041456FF1F0008244B /* Default@2x.png in Resources */ = {isa = PBXBuildFile; fileRef = AB645E031456FF1F0008244B /* Default@2x.png */; };
		AB73A68415B0D7B300726C21 /* SVPullToRefresh.m in Sources */ = {isa = PBXBuildFile; fileRef = AB73A68315B0D7B300726C21 /* SVPullToRefresh.m */; };
		AB7568D8151B0DAC0082AEE9 /* consent.html in Resources */ = {isa = PBXBuildFile; fileRef = AB7568D7151B0DAC0082AEE9 /* consent.html */; };
		AB7999121455C1C5000AE9FE /* HogReportViewController.m in Sources */ = {isa = PBXBuildFile; fileRef = AB7999111455C1C5000AE9FE /* HogReportViewController.m */; };
		AB7999151455C23E000AE9FE /* CurrentViewController.m in Sources */ = {isa = PBXBuildFile; fileRef = AB7999141455C23E000AE9FE /* CurrentViewController.m */; };
		AB7A112D14E06520004D155C /* ActionView.xib in Resources */ = {isa = PBXBuildFile; fileRef = AB7A112C14E06520004D155C /* ActionView.xib */; };
		AB7A113414E1F738004D155C /* ActionViewController.m in Sources */ = {isa = PBXBuildFile; fileRef = AB7A113214E1F738004D155C /* ActionViewController.m */; };
		AB7A113714E1FE4B004D155C /* bug.png in Resources */ = {isa = PBXBuildFile; fileRef = AB7A113614E1FE4B004D155C /* bug.png */; };
		AB7A113914E1FEAB004D155C /* 32-iphone.png in Resources */ = {isa = PBXBuildFile; fileRef = AB7A113814E1FEAB004D155C /* 32-iphone.png */; };
		AB7A113D14E2049F004D155C /* ActionItemCell.m in Sources */ = {isa = PBXBuildFile; fileRef = AB7A113B14E2049F004D155C /* ActionItemCell.m */; };
		AB7BAABF161A58670058AC33 /* Default-568h@2x.png in Resources */ = {isa = PBXBuildFile; fileRef = AB7BAABE161A58670058AC33 /* Default-568h@2x.png */; };
		AB7BAAC2161A5DE90058AC33 /* CopyLabel.m in Sources */ = {isa = PBXBuildFile; fileRef = AB7BAAC1161A5DE90058AC33 /* CopyLabel.m */; };
		AB7FA69E1628D4B900838F7A /* HiddenAppsViewController.m in Sources */ = {isa = PBXBuildFile; fileRef = AB7FA69C1628D4B800838F7A /* HiddenAppsViewController.m */; };
		AB7FA69F1628D4B900838F7A /* HiddenAppsView.xib in Resources */ = {isa = PBXBuildFile; fileRef = AB7FA69D1628D4B900838F7A /* HiddenAppsView.xib */; };
		AB8121DE16C04E92005FBE96 /* AdSupport.framework in Frameworks */ = {isa = PBXBuildFile; fileRef = AB8121DD16C04E92005FBE96 /* AdSupport.framework */; settings = {ATTRIBUTES = (Weak, ); }; };
		AB8121E116C04EA2005FBE96 /* Accounts.framework in Frameworks */ = {isa = PBXBuildFile; fileRef = AB8121E016C04EA2005FBE96 /* Accounts.framework */; settings = {ATTRIBUTES = (Weak, ); }; };
		AB8121E316C04F5B005FBE96 /* libsqlite3.0.dylib in Frameworks */ = {isa = PBXBuildFile; fileRef = AB8121E216C04F5B005FBE96 /* libsqlite3.0.dylib */; };
		AB91E434149162F7007786F0 /* Utilities.m in Sources */ = {isa = PBXBuildFile; fileRef = AB91E433149162F7007786F0 /* Utilities.m */; };
		AB91E44314992650007786F0 /* ReportViewController.m in Sources */ = {isa = PBXBuildFile; fileRef = AB91E4421499264F007786F0 /* ReportViewController.m */; };
		AB91E4461499266C007786F0 /* DetailViewController.m in Sources */ = {isa = PBXBuildFile; fileRef = AB91E4451499266B007786F0 /* DetailViewController.m */; };
		AB9525AE14EA1B5900343418 /* about.html in Resources */ = {isa = PBXBuildFile; fileRef = AB9525AD14EA1B5900343418 /* about.html */; };
		AB9525B014EA1B6F00343418 /* killapp.html in Resources */ = {isa = PBXBuildFile; fileRef = AB9525AF14EA1B6F00343418 /* killapp.html */; };
		AB99EB0114EA6C130008E440 /* upgradeos.html in Resources */ = {isa = PBXBuildFile; fileRef = AB99EB0014EA6C130008E440 /* upgradeos.html */; };
		AB99EB0414EA6CCD0008E440 /* deviceselect.png in Resources */ = {isa = PBXBuildFile; fileRef = AB99EB0214EA6CCD0008E440 /* deviceselect.png */; };
		AB99EB0514EA6CCD0008E440 /* updatecheck.png in Resources */ = {isa = PBXBuildFile; fileRef = AB99EB0314EA6CCD0008E440 /* updatecheck.png */; };
		AB99EB0814EA6E6F0008E440 /* ActionObject.m in Sources */ = {isa = PBXBuildFile; fileRef = AB99EB0714EA6E6F0008E440 /* ActionObject.m */; };
		AB9B57F3148EC51C004F92F2 /* libCorePlot-CocoaTouch.a in Frameworks */ = {isa = PBXBuildFile; fileRef = AB9B57F2148EC51C004F92F2 /* libCorePlot-CocoaTouch.a */; };
		AB9B580B148FEA10004F92F2 /* 37x-Checkmark.png in Resources */ = {isa = PBXBuildFile; fileRef = AB9B580A148FEA10004F92F2 /* 37x-Checkmark.png */; };
		AB9B580D148FF31D004F92F2 /* 37x-X.png in Resources */ = {isa = PBXBuildFile; fileRef = AB9B580C148FF31D004F92F2 /* 37x-X.png */; };
		AB9B581014902467004F92F2 /* CoreDataDetail.m in Sources */ = {isa = PBXBuildFile; fileRef = AB9B580F14902467004F92F2 /* CoreDataDetail.m */; };
		AB9B58131490247B004F92F2 /* CoreDataReport.m in Sources */ = {isa = PBXBuildFile; fileRef = AB9B58121490247A004F92F2 /* CoreDataReport.m */; };
		ABA3A0F714E45711009B3D33 /* InstructionView.xib in Resources */ = {isa = PBXBuildFile; fileRef = ABA3A0F614E45711009B3D33 /* InstructionView.xib */; };
		ABA3A0FA14E4592F009B3D33 /* InstructionViewController.m in Sources */ = {isa = PBXBuildFile; fileRef = ABA3A0F914E4592F009B3D33 /* InstructionViewController.m */; };
		ABAAA9FB161F7A0400504A9E /* MapKit.framework in Frameworks */ = {isa = PBXBuildFile; fileRef = ABAAA9F9161F79D600504A9E /* MapKit.framework */; };
		ABB1221C14E9E7C300FE959A /* procmanager1.png in Resources */ = {isa = PBXBuildFile; fileRef = ABB1221A14E9E7C300FE959A /* procmanager1.png */; };
		ABB1221D14E9E7C300FE959A /* procmanager2.png in Resources */ = {isa = PBXBuildFile; fileRef = ABB1221B14E9E7C300FE959A /* procmanager2.png */; };
		ABC07A14148569F200FCC2C2 /* ReportItemCell.xib in Resources */ = {isa = PBXBuildFile; fileRef = ABC07A13148569F200FCC2C2 /* ReportItemCell.xib */; };
		ABC07A161485828A00FCC2C2 /* amplab_logo.png in Resources */ = {isa = PBXBuildFile; fileRef = ABC07A151485828A00FCC2C2 /* amplab_logo.png */; };
		ABC07A1B14859C7100FCC2C2 /* about.png in Resources */ = {isa = PBXBuildFile; fileRef = ABC07A1914859C7100FCC2C2 /* about.png */; };
		ABC07A2014859E7600FCC2C2 /* AboutView.xib in Resources */ = {isa = PBXBuildFile; fileRef = ABC07A1F14859E7500FCC2C2 /* AboutView.xib */; };
		ABC07A2414859EBE00FCC2C2 /* AboutViewController.m in Sources */ = {isa = PBXBuildFile; fileRef = ABC07A2214859EBE00FCC2C2 /* AboutViewController.m */; };
		ABC07A331486C21A00FCC2C2 /* 53-house.png in Resources */ = {isa = PBXBuildFile; fileRef = ABC07A321486C21A00FCC2C2 /* 53-house.png */; };
		ABC07A681487FC9F00FCC2C2 /* ReportItemCell.m in Sources */ = {isa = PBXBuildFile; fileRef = ABC07A671487FC9E00FCC2C2 /* ReportItemCell.m */; };
		ABD317E114882E93000A8DC7 /* DetailView.xib in Resources */ = {isa = PBXBuildFile; fileRef = ABD317E014882E93000A8DC7 /* DetailView.xib */; };
		ABD317E514882F1C000A8DC7 /* HogDetailViewController.m in Sources */ = {isa = PBXBuildFile; fileRef = ABD317E314882F1C000A8DC7 /* HogDetailViewController.m */; };
		ABD317FD14884F6F000A8DC7 /* BugDetailViewController.m in Sources */ = {isa = PBXBuildFile; fileRef = ABD317FB14884F6F000A8DC7 /* BugDetailViewController.m */; };
		ABD31807148D8304000A8DC7 /* MBProgressHUD.m in Sources */ = {isa = PBXBuildFile; fileRef = ABD31806148D8304000A8DC7 /* MBProgressHUD.m */; };
		ABD318EA148D8703000A8DC7 /* Security.framework in Frameworks */ = {isa = PBXBuildFile; fileRef = ABD318E9148D8703000A8DC7 /* Security.framework */; };
		ABD318EC148D8733000A8DC7 /* MessageUI.framework in Frameworks */ = {isa = PBXBuildFile; fileRef = ABD318EB148D8732000A8DC7 /* MessageUI.framework */; };
		ABD31903148EC41C000A8DC7 /* QuartzCore.framework in Frameworks */ = {isa = PBXBuildFile; fileRef = ABD31902148EC41B000A8DC7 /* QuartzCore.framework */; };
		ABD75499162F5FC100817924 /* activebatterylife.html in Resources */ = {isa = PBXBuildFile; fileRef = ABD75498162F5FC100817924 /* activebatterylife.html */; };
		ABDB096814D110C900885FB7 /* UIDeviceHardware.m in Sources */ = {isa = PBXBuildFile; fileRef = ABDB096714D110C900885FB7 /* UIDeviceHardware.m */; };
		ABE5C2A516F0F36300780085 /* collectdata.html in Resources */ = {isa = PBXBuildFile; fileRef = ABE5C2A416F0F36300780085 /* collectdata.html */; };
		ABE8DA7515247B3E0024C111 /* Default-Portrait@2x~ipad.png in Resources */ = {isa = PBXBuildFile; fileRef = ABE8DA7415247B3E0024C111 /* Default-Portrait@2x~ipad.png */; };
		ABE8DA7715247B790024C111 /* Default-Landscape@2x~ipad.png in Resources */ = {isa = PBXBuildFile; fileRef = ABE8DA7615247B790024C111 /* Default-Landscape@2x~ipad.png */; };
		ABE8DA7915247BDB0024C111 /* icon144.png in Resources */ = {isa = PBXBuildFile; fileRef = ABE8DA7815247BDB0024C111 /* icon144.png */; };
		ABEC9B5714F1CA71005CE813 /* SDImageCache.m in Sources */ = {isa = PBXBuildFile; fileRef = ABEC9B4014F1CA71005CE813 /* SDImageCache.m */; };
		ABEC9B5814F1CA71005CE813 /* SDWebImageDecoder.m in Sources */ = {isa = PBXBuildFile; fileRef = ABEC9B4714F1CA71005CE813 /* SDWebImageDecoder.m */; };
		ABEC9B5914F1CA71005CE813 /* SDWebImageDownloader.m in Sources */ = {isa = PBXBuildFile; fileRef = ABEC9B4914F1CA71005CE813 /* SDWebImageDownloader.m */; };
		ABEC9B5A14F1CA71005CE813 /* SDWebImageManager.m in Sources */ = {isa = PBXBuildFile; fileRef = ABEC9B4C14F1CA71005CE813 /* SDWebImageManager.m */; };
		ABEC9B5B14F1CA71005CE813 /* SDWebImagePrefetcher.m in Sources */ = {isa = PBXBuildFile; fileRef = ABEC9B4F14F1CA71005CE813 /* SDWebImagePrefetcher.m */; };
		ABEC9B5C14F1CA71005CE813 /* UIButton+WebCache.m in Sources */ = {isa = PBXBuildFile; fileRef = ABEC9B5114F1CA71005CE813 /* UIButton+WebCache.m */; };
		ABEC9B5D14F1CA71005CE813 /* UIImageView+WebCache.m in Sources */ = {isa = PBXBuildFile; fileRef = ABEC9B5314F1CA71005CE813 /* UIImageView+WebCache.m */; };
		ABEC9B6614F1CFA7005CE813 /* ProcessItemCell.m in Sources */ = {isa = PBXBuildFile; fileRef = ABEC9B6514F1CFA6005CE813 /* ProcessItemCell.m */; };
		ABEC9B6814F1DA00005CE813 /* license.txt in Resources */ = {isa = PBXBuildFile; fileRef = ABEC9B6714F1D9FF005CE813 /* license.txt */; };
		ABEF5E5C14F4700C002AB4DE /* Default-Portrait~ipad.png in Resources */ = {isa = PBXBuildFile; fileRef = ABEF5E5B14F4700B002AB4DE /* Default-Portrait~ipad.png */; };
		ABEF5E5E14F47044002AB4DE /* Default-Landscape~ipad.png in Resources */ = {isa = PBXBuildFile; fileRef = ABEF5E5D14F47044002AB4DE /* Default-Landscape~ipad.png */; };
		ABF64FE914C8D8DF00C21D8E /* PGTableViewWithEmptyView.m in Sources */ = {isa = PBXBuildFile; fileRef = ABF64FE814C8D8DF00C21D8E /* PGTableViewWithEmptyView.m */; };
		ABFCF9F814F6CDF600A508E0 /* memoryinfo.html in Resources */ = {isa = PBXBuildFile; fileRef = ABFCF9F714F6CDF600A508E0 /* memoryinfo.html */; };
		ABFCF9FA14F6DAAE00A508E0 /* energyratedist.png in Resources */ = {isa = PBXBuildFile; fileRef = ABFCF9F914F6DAAE00A508E0 /* energyratedist.png */; };
		ABFCF9FC14F6DE4B00A508E0 /* detailinfo.html in Resources */ = {isa = PBXBuildFile; fileRef = ABFCF9FB14F6DE4B00A508E0 /* detailinfo.html */; };
		C136F09B14662E5600F0A292 /* CommunicationManager.m in Sources */ = {isa = PBXBuildFile; fileRef = C136F09A14662E5600F0A292 /* CommunicationManager.m */; };
		C14F5C30145BD4D300087F74 /* AsyncSocket.m in Sources */ = {isa = PBXBuildFile; fileRef = C14F5C2D145BD4D300087F74 /* AsyncSocket.m */; };
		C14F5C33145BD54800087F74 /* CFNetwork.framework in Frameworks */ = {isa = PBXBuildFile; fileRef = C14F5C32145BD54800087F74 /* CFNetwork.framework */; };
		C14F5C36145BDA9900087F74 /* AsyncUdpSocket.m in Sources */ = {isa = PBXBuildFile; fileRef = C14F5C35145BDA9900087F74 /* AsyncUdpSocket.m */; };
		C18B00E614EEF3EC008ED60F /* CoreDataManager.m in Sources */ = {isa = PBXBuildFile; fileRef = C18B00E414EEF3EC008ED60F /* CoreDataManager.m */; };
		C18E106E1466591A0028095B /* CoreData.framework in Frameworks */ = {isa = PBXBuildFile; fileRef = C18E106D1466591A0028095B /* CoreData.framework */; };
		C18E107214665E230028095B /* Carat.xcdatamodeld in Sources */ = {isa = PBXBuildFile; fileRef = C18E107014665E230028095B /* Carat.xcdatamodeld */; };
		C19D41FD146D2386004C842A /* CoreDataProcessInfo.m in Sources */ = {isa = PBXBuildFile; fileRef = C19D41FA146D2385004C842A /* CoreDataProcessInfo.m */; };
		C19D4201146D23B0004C842A /* Globals.m in Sources */ = {isa = PBXBuildFile; fileRef = C19D4200146D23B0004C842A /* Globals.m */; };
		C19D4207146D2AD6004C842A /* CoreDataSample.m in Sources */ = {isa = PBXBuildFile; fileRef = C19D4206146D2AD6004C842A /* CoreDataSample.m */; };
		C1D52E511465F0A9008D6D09 /* CaratProtocol.m in Sources */ = {isa = PBXBuildFile; fileRef = C1D52E501465F0A9008D6D09 /* CaratProtocol.m */; };
		C1D52F2F1465F85A008D6D09 /* TBinaryProtocol.m in Sources */ = {isa = PBXBuildFile; fileRef = C1D52F0F1465F85A008D6D09 /* TBinaryProtocol.m */; };
		C1D52F301465F85A008D6D09 /* TProtocolException.m in Sources */ = {isa = PBXBuildFile; fileRef = C1D52F121465F85A008D6D09 /* TProtocolException.m */; };
		C1D52F311465F85A008D6D09 /* TProtocolUtil.m in Sources */ = {isa = PBXBuildFile; fileRef = C1D52F151465F85A008D6D09 /* TProtocolUtil.m */; };
		C1D52F321465F85A008D6D09 /* TSocketServer.m in Sources */ = {isa = PBXBuildFile; fileRef = C1D52F181465F85A008D6D09 /* TSocketServer.m */; };
		C1D52F331465F85A008D6D09 /* TApplicationException.m in Sources */ = {isa = PBXBuildFile; fileRef = C1D52F1A1465F85A008D6D09 /* TApplicationException.m */; };
		C1D52F341465F85A008D6D09 /* TException.m in Sources */ = {isa = PBXBuildFile; fileRef = C1D52F1C1465F85A008D6D09 /* TException.m */; };
		C1D52F351465F85A008D6D09 /* THTTPClient.m in Sources */ = {isa = PBXBuildFile; fileRef = C1D52F211465F85A008D6D09 /* THTTPClient.m */; };
		C1D52F361465F85A008D6D09 /* TMemoryBuffer.m in Sources */ = {isa = PBXBuildFile; fileRef = C1D52F231465F85A008D6D09 /* TMemoryBuffer.m */; };
		C1D52F371465F85A008D6D09 /* TNSFileHandleTransport.m in Sources */ = {isa = PBXBuildFile; fileRef = C1D52F251465F85A008D6D09 /* TNSFileHandleTransport.m */; };
		C1D52F381465F85A008D6D09 /* TNSStreamTransport.m in Sources */ = {isa = PBXBuildFile; fileRef = C1D52F271465F85A008D6D09 /* TNSStreamTransport.m */; };
		C1D52F391465F85A008D6D09 /* TSocketClient.m in Sources */ = {isa = PBXBuildFile; fileRef = C1D52F291465F85A008D6D09 /* TSocketClient.m */; };
		C1D52F3A1465F85A008D6D09 /* TTransportException.m in Sources */ = {isa = PBXBuildFile; fileRef = C1D52F2C1465F85A008D6D09 /* TTransportException.m */; };
		C1D52F3B1465F85A008D6D09 /* TSharedProcessorFactory.m in Sources */ = {isa = PBXBuildFile; fileRef = C1D52F2E1465F85A008D6D09 /* TSharedProcessorFactory.m */; };
		C70C03CE194E3F1E008C8B01 /* libFlurry_5.0.0.a in Frameworks */ = {isa = PBXBuildFile; fileRef = C70C03CD194E3F1E008C8B01 /* libFlurry_5.0.0.a */; };
		C7A5C0611945A10F0007EDC9 /* twologo.png in Resources */ = {isa = PBXBuildFile; fileRef = C7A5C0601945A10F0007EDC9 /* twologo.png */; };
		C7C571001946615F00E8E384 /* Podfile in Resources */ = {isa = PBXBuildFile; fileRef = C7C570FF1946615F00E8E384 /* Podfile */; };
/* End PBXBuildFile section */

/* Begin PBXFileReference section */
		1D30AB110D05D00D00671497 /* Foundation.framework */ = {isa = PBXFileReference; lastKnownFileType = wrapper.framework; name = Foundation.framework; path = System/Library/Frameworks/Foundation.framework; sourceTree = SDKROOT; };
		1D3623240D0F684500981E51 /* CaratAppDelegate.h */ = {isa = PBXFileReference; fileEncoding = 4; lastKnownFileType = sourcecode.c.h; path = CaratAppDelegate.h; sourceTree = "<group>"; };
		1D6058910D05DD3D006BFB54 /* Carat.app */ = {isa = PBXFileReference; explicitFileType = wrapper.application; includeInIndex = 0; path = Carat.app; sourceTree = BUILT_PRODUCTS_DIR; };
		1DF5F4DF0D08C38300B7A737 /* UIKit.framework */ = {isa = PBXFileReference; lastKnownFileType = wrapper.framework; name = UIKit.framework; path = System/Library/Frameworks/UIKit.framework; sourceTree = SDKROOT; };
		28216C950DB411BC00E5133A /* BugReportViewController.h */ = {isa = PBXFileReference; fileEncoding = 4; lastKnownFileType = sourcecode.c.h; path = BugReportViewController.h; sourceTree = "<group>"; };
		28216C960DB411BC00E5133A /* BugReportViewController.m */ = {isa = PBXFileReference; fileEncoding = 4; lastKnownFileType = sourcecode.c.objc; path = BugReportViewController.m; sourceTree = "<group>"; };
		2840D7CD1179279E00D7F93C /* ReportView.xib */ = {isa = PBXFileReference; lastKnownFileType = file.xib; path = ReportView.xib; sourceTree = "<group>"; };
		288765070DF74369002DB57D /* CoreGraphics.framework */ = {isa = PBXFileReference; lastKnownFileType = wrapper.framework; name = CoreGraphics.framework; path = System/Library/Frameworks/CoreGraphics.framework; sourceTree = SDKROOT; };
		28A0AB4B0D9B1048005BE974 /* Carat_Prefix.pch */ = {isa = PBXFileReference; fileEncoding = 4; lastKnownFileType = sourcecode.c.h; path = Carat_Prefix.pch; sourceTree = "<group>"; };
		29B97316FDCFA39411CA2CEA /* main.m */ = {isa = PBXFileReference; fileEncoding = 4; lastKnownFileType = sourcecode.c.objc; path = main.m; sourceTree = "<group>"; };
		5232799E42F24276948A951D /* Pods.xcconfig */ = {isa = PBXFileReference; includeInIndex = 1; lastKnownFileType = text.xcconfig; name = Pods.xcconfig; path = Pods/Pods.xcconfig; sourceTree = "<group>"; };
		8D1107310486CEB800E47090 /* Carat-Info.plist */ = {isa = PBXFileReference; fileEncoding = 4; lastKnownFileType = text.plist.xml; path = "Carat-Info.plist"; plistStructureDefinitionIdentifier = "com.apple.xcode.plist.structure-definition.iphone.info-plist"; sourceTree = "<group>"; };
		AB105EB914EDC9E2000DB145 /* ProcessListView.xib */ = {isa = PBXFileReference; fileEncoding = 4; lastKnownFileType = file.xib; path = ProcessListView.xib; sourceTree = "<group>"; };
		AB105EBB14EDCA57000DB145 /* ProcessListViewController.h */ = {isa = PBXFileReference; fileEncoding = 4; lastKnownFileType = sourcecode.c.h; path = ProcessListViewController.h; sourceTree = "<group>"; };
		AB105EBC14EDCA57000DB145 /* ProcessListViewController.m */ = {isa = PBXFileReference; fileEncoding = 4; lastKnownFileType = sourcecode.c.objc; path = ProcessListViewController.m; sourceTree = "<group>"; };
		AB105EBE14EDCCD2000DB145 /* jscoreinfo.html */ = {isa = PBXFileReference; fileEncoding = 4; lastKnownFileType = text.html; path = jscoreinfo.html; sourceTree = "<group>"; };
		AB105EC014EDD0CE000DB145 /* jscoreplot.png */ = {isa = PBXFileReference; lastKnownFileType = image.png; path = jscoreplot.png; sourceTree = "<group>"; };
		AB105EC214EDD2D2000DB145 /* ProcessItemCell.xib */ = {isa = PBXFileReference; fileEncoding = 4; lastKnownFileType = file.xib; path = ProcessItemCell.xib; sourceTree = "<group>"; };
		AB1E7AB314CF8ECD0010617A /* Entitlements.plist */ = {isa = PBXFileReference; fileEncoding = 4; lastKnownFileType = text.plist.xml; path = Entitlements.plist; sourceTree = "<group>"; };
		AB244AF714E10D660055FCD6 /* ActionItemCell.xib */ = {isa = PBXFileReference; fileEncoding = 4; lastKnownFileType = file.xib; path = ActionItemCell.xib; sourceTree = "<group>"; };
		AB34BBE8151A3E85006C4C76 /* ConsentView.xib */ = {isa = PBXFileReference; fileEncoding = 4; lastKnownFileType = file.xib; path = ConsentView.xib; sourceTree = "<group>"; };
		AB34BBEB151A3EB8006C4C76 /* ConsentViewController.h */ = {isa = PBXFileReference; fileEncoding = 4; lastKnownFileType = sourcecode.c.h; path = ConsentViewController.h; sourceTree = "<group>"; };
		AB34BBEC151A3EB8006C4C76 /* ConsentViewController.m */ = {isa = PBXFileReference; fileEncoding = 4; lastKnownFileType = sourcecode.c.objc; path = ConsentViewController.m; sourceTree = "<group>"; };
		AB3B89C816C03A26007C8596 /* Social.framework */ = {isa = PBXFileReference; lastKnownFileType = wrapper.framework; name = Social.framework; path = System/Library/Frameworks/Social.framework; sourceTree = SDKROOT; };
		AB41CDF1144E1AF60090CC09 /* UIDeviceProc.h */ = {isa = PBXFileReference; fileEncoding = 4; lastKnownFileType = sourcecode.c.h; path = UIDeviceProc.h; sourceTree = "<group>"; };
		AB41CDF2144E1AF60090CC09 /* UIDeviceProc.m */ = {isa = PBXFileReference; fileEncoding = 4; lastKnownFileType = sourcecode.c.objc; path = UIDeviceProc.m; sourceTree = "<group>"; };
		AB41CDF5144E1E520090CC09 /* en */ = {isa = PBXFileReference; lastKnownFileType = sourcecode.c.objc; name = en; path = en.lproj/CaratAppDelegate.m; sourceTree = "<group>"; };
		AB41CDF7144E27200090CC09 /* CoreLocation.framework */ = {isa = PBXFileReference; lastKnownFileType = wrapper.framework; name = CoreLocation.framework; path = System/Library/Frameworks/CoreLocation.framework; sourceTree = SDKROOT; };
		AB41CDF9144E3B660090CC09 /* SystemConfiguration.framework */ = {isa = PBXFileReference; lastKnownFileType = wrapper.framework; name = SystemConfiguration.framework; path = System/Library/Frameworks/SystemConfiguration.framework; sourceTree = SDKROOT; };
		AB41CDFB144E3B990090CC09 /* Reachability.h */ = {isa = PBXFileReference; fileEncoding = 4; lastKnownFileType = sourcecode.c.h; path = Reachability.h; sourceTree = "<group>"; };
		AB41CDFC144E3B990090CC09 /* Reachability.m */ = {isa = PBXFileReference; fileEncoding = 4; lastKnownFileType = sourcecode.c.objc; path = Reachability.m; sourceTree = "<group>"; };
		AB41CE04144F56D40090CC09 /* CaratAppDelegate_iPhone.h */ = {isa = PBXFileReference; fileEncoding = 4; lastKnownFileType = sourcecode.c.h; path = CaratAppDelegate_iPhone.h; sourceTree = "<group>"; };
		AB41CE05144F56D40090CC09 /* CaratAppDelegate_iPhone.m */ = {isa = PBXFileReference; fileEncoding = 4; lastKnownFileType = sourcecode.c.objc; path = CaratAppDelegate_iPhone.m; sourceTree = "<group>"; };
		AB41CE07144F56E90090CC09 /* CaratAppDelegate_iPad.h */ = {isa = PBXFileReference; fileEncoding = 4; lastKnownFileType = sourcecode.c.h; path = CaratAppDelegate_iPad.h; sourceTree = "<group>"; };
		AB41CE08144F56E90090CC09 /* CaratAppDelegate_iPad.m */ = {isa = PBXFileReference; fileEncoding = 4; lastKnownFileType = sourcecode.c.objc; path = CaratAppDelegate_iPad.m; sourceTree = "<group>"; };
		AB41CE1A1450BC060090CC09 /* hog.png */ = {isa = PBXFileReference; lastKnownFileType = image.png; path = hog.png; sourceTree = "<group>"; };
		AB41CE2D145229FE0090CC09 /* CurrentView.xib */ = {isa = PBXFileReference; fileEncoding = 4; lastKnownFileType = file.xib; path = CurrentView.xib; sourceTree = "<group>"; };
		AB583D6C14DB27AC00480241 /* UIImageDoNotCache.h */ = {isa = PBXFileReference; fileEncoding = 4; lastKnownFileType = sourcecode.c.h; path = UIImageDoNotCache.h; sourceTree = "<group>"; };
		AB583D6D14DB27AC00480241 /* UIImageDoNotCache.m */ = {isa = PBXFileReference; fileEncoding = 4; lastKnownFileType = sourcecode.c.objc; path = UIImageDoNotCache.m; sourceTree = "<group>"; };
		AB645DF51456F9EC0008244B /* icon57.png */ = {isa = PBXFileReference; lastKnownFileType = image.png; path = icon57.png; sourceTree = "<group>"; };
		AB645DF71456FCED0008244B /* icon114.png */ = {isa = PBXFileReference; lastKnownFileType = image.png; path = icon114.png; sourceTree = "<group>"; };
		AB645DF91456FD0C0008244B /* icon72.png */ = {isa = PBXFileReference; lastKnownFileType = image.png; path = icon72.png; sourceTree = "<group>"; };
		AB645DFB1456FDD50008244B /* icon57.png */ = {isa = PBXFileReference; lastKnownFileType = image.png; path = icon57.png; sourceTree = "<group>"; };
		AB645DFC1456FDD50008244B /* icon72.png */ = {isa = PBXFileReference; lastKnownFileType = image.png; path = icon72.png; sourceTree = "<group>"; };
		AB645DFD1456FDD50008244B /* icon114.png */ = {isa = PBXFileReference; lastKnownFileType = image.png; path = icon114.png; sourceTree = "<group>"; };
		AB645E011456FE530008244B /* Default.png */ = {isa = PBXFileReference; lastKnownFileType = image.png; path = Default.png; sourceTree = "<group>"; };
		AB645E031456FF1F0008244B /* Default@2x.png */ = {isa = PBXFileReference; lastKnownFileType = image.png; path = "Default@2x.png"; sourceTree = "<group>"; };
		AB73A68215B0D7B300726C21 /* SVPullToRefresh.h */ = {isa = PBXFileReference; fileEncoding = 4; lastKnownFileType = sourcecode.c.h; path = SVPullToRefresh.h; sourceTree = "<group>"; };
		AB73A68315B0D7B300726C21 /* SVPullToRefresh.m */ = {isa = PBXFileReference; fileEncoding = 4; lastKnownFileType = sourcecode.c.objc; path = SVPullToRefresh.m; sourceTree = "<group>"; };
		AB7568D7151B0DAC0082AEE9 /* consent.html */ = {isa = PBXFileReference; fileEncoding = 4; lastKnownFileType = text.html; path = consent.html; sourceTree = "<group>"; };
		AB7999101455C1BC000AE9FE /* HogReportViewController.h */ = {isa = PBXFileReference; fileEncoding = 4; lastKnownFileType = sourcecode.c.h; path = HogReportViewController.h; sourceTree = "<group>"; };
		AB7999111455C1C5000AE9FE /* HogReportViewController.m */ = {isa = PBXFileReference; fileEncoding = 4; lastKnownFileType = sourcecode.c.objc; path = HogReportViewController.m; sourceTree = "<group>"; };
		AB7999131455C237000AE9FE /* CurrentViewController.h */ = {isa = PBXFileReference; fileEncoding = 4; lastKnownFileType = sourcecode.c.h; path = CurrentViewController.h; sourceTree = "<group>"; };
		AB7999141455C23E000AE9FE /* CurrentViewController.m */ = {isa = PBXFileReference; fileEncoding = 4; lastKnownFileType = sourcecode.c.objc; path = CurrentViewController.m; sourceTree = "<group>"; };
		AB7A112C14E06520004D155C /* ActionView.xib */ = {isa = PBXFileReference; fileEncoding = 4; lastKnownFileType = file.xib; path = ActionView.xib; sourceTree = "<group>"; };
		AB7A113114E1F738004D155C /* ActionViewController.h */ = {isa = PBXFileReference; fileEncoding = 4; lastKnownFileType = sourcecode.c.h; path = ActionViewController.h; sourceTree = "<group>"; };
		AB7A113214E1F738004D155C /* ActionViewController.m */ = {isa = PBXFileReference; fileEncoding = 4; lastKnownFileType = sourcecode.c.objc; path = ActionViewController.m; sourceTree = "<group>"; };
		AB7A113614E1FE4B004D155C /* bug.png */ = {isa = PBXFileReference; lastKnownFileType = image.png; path = bug.png; sourceTree = "<group>"; };
		AB7A113814E1FEAB004D155C /* 32-iphone.png */ = {isa = PBXFileReference; lastKnownFileType = image.png; path = "32-iphone.png"; sourceTree = "<group>"; };
		AB7A113A14E2049F004D155C /* ActionItemCell.h */ = {isa = PBXFileReference; fileEncoding = 4; lastKnownFileType = sourcecode.c.h; path = ActionItemCell.h; sourceTree = "<group>"; };
		AB7A113B14E2049F004D155C /* ActionItemCell.m */ = {isa = PBXFileReference; fileEncoding = 4; lastKnownFileType = sourcecode.c.objc; path = ActionItemCell.m; sourceTree = "<group>"; };
		AB7BAABE161A58670058AC33 /* Default-568h@2x.png */ = {isa = PBXFileReference; lastKnownFileType = image.png; path = "Default-568h@2x.png"; sourceTree = "<group>"; };
		AB7BAAC0161A5DE90058AC33 /* CopyLabel.h */ = {isa = PBXFileReference; fileEncoding = 4; lastKnownFileType = sourcecode.c.h; path = CopyLabel.h; sourceTree = "<group>"; };
		AB7BAAC1161A5DE90058AC33 /* CopyLabel.m */ = {isa = PBXFileReference; fileEncoding = 4; lastKnownFileType = sourcecode.c.objc; path = CopyLabel.m; sourceTree = "<group>"; };
		AB7FA69B1628D4B800838F7A /* HiddenAppsViewController.h */ = {isa = PBXFileReference; fileEncoding = 4; lastKnownFileType = sourcecode.c.h; path = HiddenAppsViewController.h; sourceTree = "<group>"; };
		AB7FA69C1628D4B800838F7A /* HiddenAppsViewController.m */ = {isa = PBXFileReference; fileEncoding = 4; lastKnownFileType = sourcecode.c.objc; path = HiddenAppsViewController.m; sourceTree = "<group>"; };
		AB7FA69D1628D4B900838F7A /* HiddenAppsView.xib */ = {isa = PBXFileReference; fileEncoding = 4; lastKnownFileType = file.xib; name = HiddenAppsView.xib; path = Classes/HiddenAppsView.xib; sourceTree = "<group>"; };
		AB8121DD16C04E92005FBE96 /* AdSupport.framework */ = {isa = PBXFileReference; lastKnownFileType = wrapper.framework; name = AdSupport.framework; path = System/Library/Frameworks/AdSupport.framework; sourceTree = SDKROOT; };
		AB8121E016C04EA2005FBE96 /* Accounts.framework */ = {isa = PBXFileReference; lastKnownFileType = wrapper.framework; name = Accounts.framework; path = System/Library/Frameworks/Accounts.framework; sourceTree = SDKROOT; };
		AB8121E216C04F5B005FBE96 /* libsqlite3.0.dylib */ = {isa = PBXFileReference; lastKnownFileType = "compiled.mach-o.dylib"; name = libsqlite3.0.dylib; path = usr/lib/libsqlite3.0.dylib; sourceTree = SDKROOT; };
		AB8C851E1641D49F002E948C /* TObjective-C.h */ = {isa = PBXFileReference; lastKnownFileType = sourcecode.c.h; path = "TObjective-C.h"; sourceTree = "<group>"; };
		AB91E432149162F7007786F0 /* Utilities.h */ = {isa = PBXFileReference; fileEncoding = 4; lastKnownFileType = sourcecode.c.h; path = Utilities.h; sourceTree = "<group>"; };
		AB91E433149162F7007786F0 /* Utilities.m */ = {isa = PBXFileReference; fileEncoding = 4; lastKnownFileType = sourcecode.c.objc; path = Utilities.m; sourceTree = "<group>"; };
		AB91E4411499264F007786F0 /* ReportViewController.h */ = {isa = PBXFileReference; fileEncoding = 4; lastKnownFileType = sourcecode.c.h; path = ReportViewController.h; sourceTree = "<group>"; };
		AB91E4421499264F007786F0 /* ReportViewController.m */ = {isa = PBXFileReference; fileEncoding = 4; lastKnownFileType = sourcecode.c.objc; path = ReportViewController.m; sourceTree = "<group>"; };
		AB91E4441499266A007786F0 /* DetailViewController.h */ = {isa = PBXFileReference; fileEncoding = 4; lastKnownFileType = sourcecode.c.h; path = DetailViewController.h; sourceTree = "<group>"; };
		AB91E4451499266B007786F0 /* DetailViewController.m */ = {isa = PBXFileReference; fileEncoding = 4; lastKnownFileType = sourcecode.c.objc; path = DetailViewController.m; sourceTree = "<group>"; };
		AB9525AD14EA1B5900343418 /* about.html */ = {isa = PBXFileReference; fileEncoding = 4; lastKnownFileType = text.html; path = about.html; sourceTree = "<group>"; };
		AB9525AF14EA1B6F00343418 /* killapp.html */ = {isa = PBXFileReference; fileEncoding = 4; lastKnownFileType = text.html; path = killapp.html; sourceTree = "<group>"; };
		AB99EB0014EA6C130008E440 /* upgradeos.html */ = {isa = PBXFileReference; fileEncoding = 4; lastKnownFileType = text.html; path = upgradeos.html; sourceTree = "<group>"; };
		AB99EB0214EA6CCD0008E440 /* deviceselect.png */ = {isa = PBXFileReference; lastKnownFileType = image.png; path = deviceselect.png; sourceTree = "<group>"; };
		AB99EB0314EA6CCD0008E440 /* updatecheck.png */ = {isa = PBXFileReference; lastKnownFileType = image.png; path = updatecheck.png; sourceTree = "<group>"; };
		AB99EB0614EA6E6F0008E440 /* ActionObject.h */ = {isa = PBXFileReference; fileEncoding = 4; lastKnownFileType = sourcecode.c.h; path = ActionObject.h; sourceTree = "<group>"; };
		AB99EB0714EA6E6F0008E440 /* ActionObject.m */ = {isa = PBXFileReference; fileEncoding = 4; lastKnownFileType = sourcecode.c.objc; path = ActionObject.m; sourceTree = "<group>"; };
		AB9B57F2148EC51C004F92F2 /* libCorePlot-CocoaTouch.a */ = {isa = PBXFileReference; lastKnownFileType = archive.ar; name = "libCorePlot-CocoaTouch.a"; path = "Classes/libCorePlot-CocoaTouch.a"; sourceTree = "<group>"; };
		AB9B580A148FEA10004F92F2 /* 37x-Checkmark.png */ = {isa = PBXFileReference; lastKnownFileType = image.png; path = "37x-Checkmark.png"; sourceTree = "<group>"; };
		AB9B580C148FF31D004F92F2 /* 37x-X.png */ = {isa = PBXFileReference; lastKnownFileType = image.png; path = "37x-X.png"; sourceTree = "<group>"; };
		AB9B580E14902467004F92F2 /* CoreDataDetail.h */ = {isa = PBXFileReference; fileEncoding = 4; lastKnownFileType = sourcecode.c.h; path = CoreDataDetail.h; sourceTree = "<group>"; };
		AB9B580F14902467004F92F2 /* CoreDataDetail.m */ = {isa = PBXFileReference; fileEncoding = 4; lastKnownFileType = sourcecode.c.objc; path = CoreDataDetail.m; sourceTree = "<group>"; };
		AB9B58111490247A004F92F2 /* CoreDataReport.h */ = {isa = PBXFileReference; fileEncoding = 4; lastKnownFileType = sourcecode.c.h; path = CoreDataReport.h; sourceTree = "<group>"; };
		AB9B58121490247A004F92F2 /* CoreDataReport.m */ = {isa = PBXFileReference; fileEncoding = 4; lastKnownFileType = sourcecode.c.objc; path = CoreDataReport.m; sourceTree = "<group>"; };
		ABA3A0F614E45711009B3D33 /* InstructionView.xib */ = {isa = PBXFileReference; fileEncoding = 4; lastKnownFileType = file.xib; path = InstructionView.xib; sourceTree = "<group>"; };
		ABA3A0F814E4592F009B3D33 /* InstructionViewController.h */ = {isa = PBXFileReference; fileEncoding = 4; lastKnownFileType = sourcecode.c.h; path = InstructionViewController.h; sourceTree = "<group>"; };
		ABA3A0F914E4592F009B3D33 /* InstructionViewController.m */ = {isa = PBXFileReference; fileEncoding = 4; lastKnownFileType = sourcecode.c.objc; path = InstructionViewController.m; sourceTree = "<group>"; };
		ABAAA9F9161F79D600504A9E /* MapKit.framework */ = {isa = PBXFileReference; lastKnownFileType = wrapper.framework; name = MapKit.framework; path = System/Library/Frameworks/MapKit.framework; sourceTree = SDKROOT; };
		ABB1221A14E9E7C300FE959A /* procmanager1.png */ = {isa = PBXFileReference; lastKnownFileType = image.png; path = procmanager1.png; sourceTree = "<group>"; };
		ABB1221B14E9E7C300FE959A /* procmanager2.png */ = {isa = PBXFileReference; lastKnownFileType = image.png; path = procmanager2.png; sourceTree = "<group>"; };
		ABC07A13148569F200FCC2C2 /* ReportItemCell.xib */ = {isa = PBXFileReference; fileEncoding = 4; lastKnownFileType = file.xib; path = ReportItemCell.xib; sourceTree = "<group>"; };
		ABC07A151485828A00FCC2C2 /* amplab_logo.png */ = {isa = PBXFileReference; lastKnownFileType = image.png; path = amplab_logo.png; sourceTree = "<group>"; };
		ABC07A1914859C7100FCC2C2 /* about.png */ = {isa = PBXFileReference; lastKnownFileType = image.png; path = about.png; sourceTree = "<group>"; };
		ABC07A1F14859E7500FCC2C2 /* AboutView.xib */ = {isa = PBXFileReference; fileEncoding = 4; lastKnownFileType = file.xib; path = AboutView.xib; sourceTree = "<group>"; };
		ABC07A2114859EBE00FCC2C2 /* AboutViewController.h */ = {isa = PBXFileReference; fileEncoding = 4; lastKnownFileType = sourcecode.c.h; path = AboutViewController.h; sourceTree = "<group>"; };
		ABC07A2214859EBE00FCC2C2 /* AboutViewController.m */ = {isa = PBXFileReference; fileEncoding = 4; lastKnownFileType = sourcecode.c.objc; path = AboutViewController.m; sourceTree = "<group>"; };
		ABC07A321486C21A00FCC2C2 /* 53-house.png */ = {isa = PBXFileReference; lastKnownFileType = image.png; path = "53-house.png"; sourceTree = "<group>"; };
		ABC07A661487FC9E00FCC2C2 /* ReportItemCell.h */ = {isa = PBXFileReference; fileEncoding = 4; lastKnownFileType = sourcecode.c.h; path = ReportItemCell.h; sourceTree = "<group>"; };
		ABC07A671487FC9E00FCC2C2 /* ReportItemCell.m */ = {isa = PBXFileReference; fileEncoding = 4; lastKnownFileType = sourcecode.c.objc; path = ReportItemCell.m; sourceTree = "<group>"; };
		ABD317E014882E93000A8DC7 /* DetailView.xib */ = {isa = PBXFileReference; fileEncoding = 4; lastKnownFileType = file.xib; path = DetailView.xib; sourceTree = "<group>"; };
		ABD317E214882F1C000A8DC7 /* HogDetailViewController.h */ = {isa = PBXFileReference; fileEncoding = 4; lastKnownFileType = sourcecode.c.h; path = HogDetailViewController.h; sourceTree = "<group>"; };
		ABD317E314882F1C000A8DC7 /* HogDetailViewController.m */ = {isa = PBXFileReference; fileEncoding = 4; lastKnownFileType = sourcecode.c.objc; path = HogDetailViewController.m; sourceTree = "<group>"; };
		ABD317FA14884F6F000A8DC7 /* BugDetailViewController.h */ = {isa = PBXFileReference; fileEncoding = 4; lastKnownFileType = sourcecode.c.h; path = BugDetailViewController.h; sourceTree = "<group>"; };
		ABD317FB14884F6F000A8DC7 /* BugDetailViewController.m */ = {isa = PBXFileReference; fileEncoding = 4; lastKnownFileType = sourcecode.c.objc; path = BugDetailViewController.m; sourceTree = "<group>"; };
		ABD31805148D8303000A8DC7 /* MBProgressHUD.h */ = {isa = PBXFileReference; fileEncoding = 4; lastKnownFileType = sourcecode.c.h; path = MBProgressHUD.h; sourceTree = "<group>"; };
		ABD31806148D8304000A8DC7 /* MBProgressHUD.m */ = {isa = PBXFileReference; fileEncoding = 4; lastKnownFileType = sourcecode.c.objc; path = MBProgressHUD.m; sourceTree = "<group>"; };
		ABD318E9148D8703000A8DC7 /* Security.framework */ = {isa = PBXFileReference; lastKnownFileType = wrapper.framework; name = Security.framework; path = System/Library/Frameworks/Security.framework; sourceTree = SDKROOT; };
		ABD318EB148D8732000A8DC7 /* MessageUI.framework */ = {isa = PBXFileReference; lastKnownFileType = wrapper.framework; name = MessageUI.framework; path = System/Library/Frameworks/MessageUI.framework; sourceTree = SDKROOT; };
		ABD31902148EC41B000A8DC7 /* QuartzCore.framework */ = {isa = PBXFileReference; lastKnownFileType = wrapper.framework; name = QuartzCore.framework; path = System/Library/Frameworks/QuartzCore.framework; sourceTree = SDKROOT; };
		ABD75498162F5FC100817924 /* activebatterylife.html */ = {isa = PBXFileReference; fileEncoding = 4; lastKnownFileType = text.html; path = activebatterylife.html; sourceTree = "<group>"; };
		ABDB096614D110C900885FB7 /* UIDeviceHardware.h */ = {isa = PBXFileReference; fileEncoding = 4; lastKnownFileType = sourcecode.c.h; path = UIDeviceHardware.h; sourceTree = "<group>"; };
		ABDB096714D110C900885FB7 /* UIDeviceHardware.m */ = {isa = PBXFileReference; fileEncoding = 4; lastKnownFileType = sourcecode.c.objc; path = UIDeviceHardware.m; sourceTree = "<group>"; };
		ABE5C2A416F0F36300780085 /* collectdata.html */ = {isa = PBXFileReference; fileEncoding = 4; lastKnownFileType = text.html; path = collectdata.html; sourceTree = "<group>"; };
		ABE8DA7415247B3E0024C111 /* Default-Portrait@2x~ipad.png */ = {isa = PBXFileReference; lastKnownFileType = image.png; path = "Default-Portrait@2x~ipad.png"; sourceTree = "<group>"; };
		ABE8DA7615247B790024C111 /* Default-Landscape@2x~ipad.png */ = {isa = PBXFileReference; lastKnownFileType = image.png; path = "Default-Landscape@2x~ipad.png"; sourceTree = "<group>"; };
		ABE8DA7815247BDB0024C111 /* icon144.png */ = {isa = PBXFileReference; lastKnownFileType = image.png; path = icon144.png; sourceTree = "<group>"; };
		ABEC9B3F14F1CA71005CE813 /* SDImageCache.h */ = {isa = PBXFileReference; fileEncoding = 4; lastKnownFileType = sourcecode.c.h; path = SDImageCache.h; sourceTree = "<group>"; };
		ABEC9B4014F1CA71005CE813 /* SDImageCache.m */ = {isa = PBXFileReference; fileEncoding = 4; lastKnownFileType = sourcecode.c.objc; path = SDImageCache.m; sourceTree = "<group>"; };
		ABEC9B4114F1CA71005CE813 /* SDImageCacheDelegate.h */ = {isa = PBXFileReference; fileEncoding = 4; lastKnownFileType = sourcecode.c.h; path = SDImageCacheDelegate.h; sourceTree = "<group>"; };
		ABEC9B4514F1CA71005CE813 /* SDWebImageCompat.h */ = {isa = PBXFileReference; fileEncoding = 4; lastKnownFileType = sourcecode.c.h; path = SDWebImageCompat.h; sourceTree = "<group>"; };
		ABEC9B4614F1CA71005CE813 /* SDWebImageDecoder.h */ = {isa = PBXFileReference; fileEncoding = 4; lastKnownFileType = sourcecode.c.h; path = SDWebImageDecoder.h; sourceTree = "<group>"; };
		ABEC9B4714F1CA71005CE813 /* SDWebImageDecoder.m */ = {isa = PBXFileReference; fileEncoding = 4; lastKnownFileType = sourcecode.c.objc; path = SDWebImageDecoder.m; sourceTree = "<group>"; };
		ABEC9B4814F1CA71005CE813 /* SDWebImageDownloader.h */ = {isa = PBXFileReference; fileEncoding = 4; lastKnownFileType = sourcecode.c.h; path = SDWebImageDownloader.h; sourceTree = "<group>"; };
		ABEC9B4914F1CA71005CE813 /* SDWebImageDownloader.m */ = {isa = PBXFileReference; fileEncoding = 4; lastKnownFileType = sourcecode.c.objc; path = SDWebImageDownloader.m; sourceTree = "<group>"; };
		ABEC9B4A14F1CA71005CE813 /* SDWebImageDownloaderDelegate.h */ = {isa = PBXFileReference; fileEncoding = 4; lastKnownFileType = sourcecode.c.h; path = SDWebImageDownloaderDelegate.h; sourceTree = "<group>"; };
		ABEC9B4B14F1CA71005CE813 /* SDWebImageManager.h */ = {isa = PBXFileReference; fileEncoding = 4; lastKnownFileType = sourcecode.c.h; path = SDWebImageManager.h; sourceTree = "<group>"; };
		ABEC9B4C14F1CA71005CE813 /* SDWebImageManager.m */ = {isa = PBXFileReference; fileEncoding = 4; lastKnownFileType = sourcecode.c.objc; path = SDWebImageManager.m; sourceTree = "<group>"; };
		ABEC9B4D14F1CA71005CE813 /* SDWebImageManagerDelegate.h */ = {isa = PBXFileReference; fileEncoding = 4; lastKnownFileType = sourcecode.c.h; path = SDWebImageManagerDelegate.h; sourceTree = "<group>"; };
		ABEC9B4E14F1CA71005CE813 /* SDWebImagePrefetcher.h */ = {isa = PBXFileReference; fileEncoding = 4; lastKnownFileType = sourcecode.c.h; path = SDWebImagePrefetcher.h; sourceTree = "<group>"; };
		ABEC9B4F14F1CA71005CE813 /* SDWebImagePrefetcher.m */ = {isa = PBXFileReference; fileEncoding = 4; lastKnownFileType = sourcecode.c.objc; path = SDWebImagePrefetcher.m; sourceTree = "<group>"; };
		ABEC9B5014F1CA71005CE813 /* UIButton+WebCache.h */ = {isa = PBXFileReference; fileEncoding = 4; lastKnownFileType = sourcecode.c.h; path = "UIButton+WebCache.h"; sourceTree = "<group>"; };
		ABEC9B5114F1CA71005CE813 /* UIButton+WebCache.m */ = {isa = PBXFileReference; fileEncoding = 4; lastKnownFileType = sourcecode.c.objc; path = "UIButton+WebCache.m"; sourceTree = "<group>"; };
		ABEC9B5214F1CA71005CE813 /* UIImageView+WebCache.h */ = {isa = PBXFileReference; fileEncoding = 4; lastKnownFileType = sourcecode.c.h; path = "UIImageView+WebCache.h"; sourceTree = "<group>"; };
		ABEC9B5314F1CA71005CE813 /* UIImageView+WebCache.m */ = {isa = PBXFileReference; fileEncoding = 4; lastKnownFileType = sourcecode.c.objc; path = "UIImageView+WebCache.m"; sourceTree = "<group>"; };
		ABEC9B6414F1CFA6005CE813 /* ProcessItemCell.h */ = {isa = PBXFileReference; fileEncoding = 4; lastKnownFileType = sourcecode.c.h; path = ProcessItemCell.h; sourceTree = "<group>"; };
		ABEC9B6514F1CFA6005CE813 /* ProcessItemCell.m */ = {isa = PBXFileReference; fileEncoding = 4; lastKnownFileType = sourcecode.c.objc; path = ProcessItemCell.m; sourceTree = "<group>"; };
		ABEC9B6714F1D9FF005CE813 /* license.txt */ = {isa = PBXFileReference; fileEncoding = 4; lastKnownFileType = text; path = license.txt; sourceTree = "<group>"; };
		ABEF5E5B14F4700B002AB4DE /* Default-Portrait~ipad.png */ = {isa = PBXFileReference; lastKnownFileType = image.png; path = "Default-Portrait~ipad.png"; sourceTree = "<group>"; };
		ABEF5E5D14F47044002AB4DE /* Default-Landscape~ipad.png */ = {isa = PBXFileReference; lastKnownFileType = image.png; path = "Default-Landscape~ipad.png"; sourceTree = "<group>"; };
		ABF64FE714C8D8DF00C21D8E /* PGTableViewWithEmptyView.h */ = {isa = PBXFileReference; fileEncoding = 4; lastKnownFileType = sourcecode.c.h; path = PGTableViewWithEmptyView.h; sourceTree = "<group>"; };
		ABF64FE814C8D8DF00C21D8E /* PGTableViewWithEmptyView.m */ = {isa = PBXFileReference; fileEncoding = 4; lastKnownFileType = sourcecode.c.objc; path = PGTableViewWithEmptyView.m; sourceTree = "<group>"; };
		ABFCF9F714F6CDF600A508E0 /* memoryinfo.html */ = {isa = PBXFileReference; fileEncoding = 4; lastKnownFileType = text.html; path = memoryinfo.html; sourceTree = "<group>"; };
		ABFCF9F914F6DAAE00A508E0 /* energyratedist.png */ = {isa = PBXFileReference; lastKnownFileType = image.png; path = energyratedist.png; sourceTree = "<group>"; };
		ABFCF9FB14F6DE4B00A508E0 /* detailinfo.html */ = {isa = PBXFileReference; fileEncoding = 4; lastKnownFileType = text.html; path = detailinfo.html; sourceTree = "<group>"; };
		C136F09914662E5600F0A292 /* CommunicationManager.h */ = {isa = PBXFileReference; fileEncoding = 4; lastKnownFileType = sourcecode.c.h; path = CommunicationManager.h; sourceTree = "<group>"; };
		C136F09A14662E5600F0A292 /* CommunicationManager.m */ = {isa = PBXFileReference; fileEncoding = 4; lastKnownFileType = sourcecode.c.objc; path = CommunicationManager.m; sourceTree = "<group>"; };
		C14F5C2C145BD4D300087F74 /* AsyncSocket.h */ = {isa = PBXFileReference; fileEncoding = 4; lastKnownFileType = sourcecode.c.h; path = AsyncSocket.h; sourceTree = "<group>"; };
		C14F5C2D145BD4D300087F74 /* AsyncSocket.m */ = {isa = PBXFileReference; fileEncoding = 4; lastKnownFileType = sourcecode.c.objc; path = AsyncSocket.m; sourceTree = "<group>"; };
		C14F5C32145BD54800087F74 /* CFNetwork.framework */ = {isa = PBXFileReference; lastKnownFileType = wrapper.framework; name = CFNetwork.framework; path = System/Library/Frameworks/CFNetwork.framework; sourceTree = SDKROOT; };
		C14F5C34145BDA9900087F74 /* AsyncUdpSocket.h */ = {isa = PBXFileReference; fileEncoding = 4; lastKnownFileType = sourcecode.c.h; path = AsyncUdpSocket.h; sourceTree = "<group>"; };
		C14F5C35145BDA9900087F74 /* AsyncUdpSocket.m */ = {isa = PBXFileReference; fileEncoding = 4; lastKnownFileType = sourcecode.c.objc; path = AsyncUdpSocket.m; sourceTree = "<group>"; };
		C18B00E414EEF3EC008ED60F /* CoreDataManager.m */ = {isa = PBXFileReference; fileEncoding = 4; lastKnownFileType = sourcecode.c.objc; path = CoreDataManager.m; sourceTree = "<group>"; };
		C18B00E514EEF3EC008ED60F /* CoreDataManager.h */ = {isa = PBXFileReference; fileEncoding = 4; lastKnownFileType = sourcecode.c.h; path = CoreDataManager.h; sourceTree = "<group>"; };
		C18E106D1466591A0028095B /* CoreData.framework */ = {isa = PBXFileReference; lastKnownFileType = wrapper.framework; name = CoreData.framework; path = System/Library/Frameworks/CoreData.framework; sourceTree = SDKROOT; };
		C18E107114665E230028095B /* Carat.xcdatamodel */ = {isa = PBXFileReference; lastKnownFileType = wrapper.xcdatamodel; path = Carat.xcdatamodel; sourceTree = "<group>"; };
		C19D41F9146D2385004C842A /* CoreDataProcessInfo.h */ = {isa = PBXFileReference; fileEncoding = 4; lastKnownFileType = sourcecode.c.h; path = CoreDataProcessInfo.h; sourceTree = "<group>"; };
		C19D41FA146D2385004C842A /* CoreDataProcessInfo.m */ = {isa = PBXFileReference; fileEncoding = 4; lastKnownFileType = sourcecode.c.objc; path = CoreDataProcessInfo.m; sourceTree = "<group>"; };
		C19D41FF146D23B0004C842A /* Globals.h */ = {isa = PBXFileReference; fileEncoding = 4; lastKnownFileType = sourcecode.c.h; path = Globals.h; sourceTree = "<group>"; };
		C19D4200146D23B0004C842A /* Globals.m */ = {isa = PBXFileReference; fileEncoding = 4; lastKnownFileType = sourcecode.c.objc; path = Globals.m; sourceTree = "<group>"; };
		C19D4205146D2AD6004C842A /* CoreDataSample.h */ = {isa = PBXFileReference; fileEncoding = 4; lastKnownFileType = sourcecode.c.h; path = CoreDataSample.h; sourceTree = "<group>"; };
		C19D4206146D2AD6004C842A /* CoreDataSample.m */ = {isa = PBXFileReference; fileEncoding = 4; lastKnownFileType = sourcecode.c.objc; path = CoreDataSample.m; sourceTree = "<group>"; };
		C1D52E4F1465F0A9008D6D09 /* CaratProtocol.h */ = {isa = PBXFileReference; fileEncoding = 4; lastKnownFileType = sourcecode.c.h; path = CaratProtocol.h; sourceTree = "<group>"; };
		C1D52E501465F0A9008D6D09 /* CaratProtocol.m */ = {isa = PBXFileReference; fileEncoding = 4; lastKnownFileType = sourcecode.c.objc; path = CaratProtocol.m; sourceTree = "<group>"; };
		C1D52F0E1465F85A008D6D09 /* TBinaryProtocol.h */ = {isa = PBXFileReference; fileEncoding = 4; lastKnownFileType = sourcecode.c.h; path = TBinaryProtocol.h; sourceTree = "<group>"; };
		C1D52F0F1465F85A008D6D09 /* TBinaryProtocol.m */ = {isa = PBXFileReference; fileEncoding = 4; lastKnownFileType = sourcecode.c.objc; path = TBinaryProtocol.m; sourceTree = "<group>"; };
		C1D52F101465F85A008D6D09 /* TProtocol.h */ = {isa = PBXFileReference; fileEncoding = 4; lastKnownFileType = sourcecode.c.h; path = TProtocol.h; sourceTree = "<group>"; };
		C1D52F111465F85A008D6D09 /* TProtocolException.h */ = {isa = PBXFileReference; fileEncoding = 4; lastKnownFileType = sourcecode.c.h; path = TProtocolException.h; sourceTree = "<group>"; };
		C1D52F121465F85A008D6D09 /* TProtocolException.m */ = {isa = PBXFileReference; fileEncoding = 4; lastKnownFileType = sourcecode.c.objc; path = TProtocolException.m; sourceTree = "<group>"; };
		C1D52F131465F85A008D6D09 /* TProtocolFactory.h */ = {isa = PBXFileReference; fileEncoding = 4; lastKnownFileType = sourcecode.c.h; path = TProtocolFactory.h; sourceTree = "<group>"; };
		C1D52F141465F85A008D6D09 /* TProtocolUtil.h */ = {isa = PBXFileReference; fileEncoding = 4; lastKnownFileType = sourcecode.c.h; path = TProtocolUtil.h; sourceTree = "<group>"; };
		C1D52F151465F85A008D6D09 /* TProtocolUtil.m */ = {isa = PBXFileReference; fileEncoding = 4; lastKnownFileType = sourcecode.c.objc; path = TProtocolUtil.m; sourceTree = "<group>"; };
		C1D52F171465F85A008D6D09 /* TSocketServer.h */ = {isa = PBXFileReference; fileEncoding = 4; lastKnownFileType = sourcecode.c.h; path = TSocketServer.h; sourceTree = "<group>"; };
		C1D52F181465F85A008D6D09 /* TSocketServer.m */ = {isa = PBXFileReference; fileEncoding = 4; lastKnownFileType = sourcecode.c.objc; path = TSocketServer.m; sourceTree = "<group>"; };
		C1D52F191465F85A008D6D09 /* TApplicationException.h */ = {isa = PBXFileReference; fileEncoding = 4; lastKnownFileType = sourcecode.c.h; path = TApplicationException.h; sourceTree = "<group>"; };
		C1D52F1A1465F85A008D6D09 /* TApplicationException.m */ = {isa = PBXFileReference; fileEncoding = 4; lastKnownFileType = sourcecode.c.objc; path = TApplicationException.m; sourceTree = "<group>"; };
		C1D52F1B1465F85A008D6D09 /* TException.h */ = {isa = PBXFileReference; fileEncoding = 4; lastKnownFileType = sourcecode.c.h; path = TException.h; sourceTree = "<group>"; };
		C1D52F1C1465F85A008D6D09 /* TException.m */ = {isa = PBXFileReference; fileEncoding = 4; lastKnownFileType = sourcecode.c.objc; path = TException.m; sourceTree = "<group>"; };
		C1D52F1D1465F85A008D6D09 /* TProcessor.h */ = {isa = PBXFileReference; fileEncoding = 4; lastKnownFileType = sourcecode.c.h; path = TProcessor.h; sourceTree = "<group>"; };
		C1D52F1E1465F85A008D6D09 /* TProcessorFactory.h */ = {isa = PBXFileReference; fileEncoding = 4; lastKnownFileType = sourcecode.c.h; path = TProcessorFactory.h; sourceTree = "<group>"; };
		C1D52F201465F85A008D6D09 /* THTTPClient.h */ = {isa = PBXFileReference; fileEncoding = 4; lastKnownFileType = sourcecode.c.h; path = THTTPClient.h; sourceTree = "<group>"; };
		C1D52F211465F85A008D6D09 /* THTTPClient.m */ = {isa = PBXFileReference; fileEncoding = 4; lastKnownFileType = sourcecode.c.objc; path = THTTPClient.m; sourceTree = "<group>"; };
		C1D52F221465F85A008D6D09 /* TMemoryBuffer.h */ = {isa = PBXFileReference; fileEncoding = 4; lastKnownFileType = sourcecode.c.h; path = TMemoryBuffer.h; sourceTree = "<group>"; };
		C1D52F231465F85A008D6D09 /* TMemoryBuffer.m */ = {isa = PBXFileReference; fileEncoding = 4; lastKnownFileType = sourcecode.c.objc; path = TMemoryBuffer.m; sourceTree = "<group>"; };
		C1D52F241465F85A008D6D09 /* TNSFileHandleTransport.h */ = {isa = PBXFileReference; fileEncoding = 4; lastKnownFileType = sourcecode.c.h; path = TNSFileHandleTransport.h; sourceTree = "<group>"; };
		C1D52F251465F85A008D6D09 /* TNSFileHandleTransport.m */ = {isa = PBXFileReference; fileEncoding = 4; lastKnownFileType = sourcecode.c.objc; path = TNSFileHandleTransport.m; sourceTree = "<group>"; };
		C1D52F261465F85A008D6D09 /* TNSStreamTransport.h */ = {isa = PBXFileReference; fileEncoding = 4; lastKnownFileType = sourcecode.c.h; path = TNSStreamTransport.h; sourceTree = "<group>"; };
		C1D52F271465F85A008D6D09 /* TNSStreamTransport.m */ = {isa = PBXFileReference; fileEncoding = 4; lastKnownFileType = sourcecode.c.objc; path = TNSStreamTransport.m; sourceTree = "<group>"; };
		C1D52F281465F85A008D6D09 /* TSocketClient.h */ = {isa = PBXFileReference; fileEncoding = 4; lastKnownFileType = sourcecode.c.h; path = TSocketClient.h; sourceTree = "<group>"; };
		C1D52F291465F85A008D6D09 /* TSocketClient.m */ = {isa = PBXFileReference; fileEncoding = 4; lastKnownFileType = sourcecode.c.objc; path = TSocketClient.m; sourceTree = "<group>"; };
		C1D52F2A1465F85A008D6D09 /* TTransport.h */ = {isa = PBXFileReference; fileEncoding = 4; lastKnownFileType = sourcecode.c.h; path = TTransport.h; sourceTree = "<group>"; };
		C1D52F2B1465F85A008D6D09 /* TTransportException.h */ = {isa = PBXFileReference; fileEncoding = 4; lastKnownFileType = sourcecode.c.h; path = TTransportException.h; sourceTree = "<group>"; };
		C1D52F2C1465F85A008D6D09 /* TTransportException.m */ = {isa = PBXFileReference; fileEncoding = 4; lastKnownFileType = sourcecode.c.objc; path = TTransportException.m; sourceTree = "<group>"; };
		C1D52F2D1465F85A008D6D09 /* TSharedProcessorFactory.h */ = {isa = PBXFileReference; fileEncoding = 4; lastKnownFileType = sourcecode.c.h; path = TSharedProcessorFactory.h; sourceTree = "<group>"; };
		C1D52F2E1465F85A008D6D09 /* TSharedProcessorFactory.m */ = {isa = PBXFileReference; fileEncoding = 4; lastKnownFileType = sourcecode.c.objc; path = TSharedProcessorFactory.m; sourceTree = "<group>"; };
		C70C03CD194E3F1E008C8B01 /* libFlurry_5.0.0.a */ = {isa = PBXFileReference; lastKnownFileType = archive.ar; path = libFlurry_5.0.0.a; sourceTree = "<group>"; };
		C70C03D0194E3F30008C8B01 /* Flurry.h */ = {isa = PBXFileReference; fileEncoding = 4; lastKnownFileType = sourcecode.c.h; path = Flurry.h; sourceTree = "<group>"; };
		C7A5C0601945A10F0007EDC9 /* twologo.png */ = {isa = PBXFileReference; lastKnownFileType = image.png; path = twologo.png; sourceTree = "<group>"; };
		C7C570FF1946615F00E8E384 /* Podfile */ = {isa = PBXFileReference; fileEncoding = 4; lastKnownFileType = text; path = Podfile; sourceTree = "<group>"; xcLanguageSpecificationIdentifier = xcode.lang.ruby; };
		E4A720DBC61F40BDB6246B59 /* libPods.a */ = {isa = PBXFileReference; explicitFileType = archive.ar; includeInIndex = 0; path = libPods.a; sourceTree = BUILT_PRODUCTS_DIR; };
/* End PBXFileReference section */

/* Begin PBXFrameworksBuildPhase section */
		1D60588F0D05DD3D006BFB54 /* Frameworks */ = {
			isa = PBXFrameworksBuildPhase;
			buildActionMask = 2147483647;
			files = (
				ABAAA9FB161F7A0400504A9E /* MapKit.framework in Frameworks */,
				ABD31903148EC41C000A8DC7 /* QuartzCore.framework in Frameworks */,
				AB9B57F3148EC51C004F92F2 /* libCorePlot-CocoaTouch.a in Frameworks */,
				ABD318EC148D8733000A8DC7 /* MessageUI.framework in Frameworks */,
				ABD318EA148D8703000A8DC7 /* Security.framework in Frameworks */,
				C18E106E1466591A0028095B /* CoreData.framework in Frameworks */,
				AB41CDFA144E3B660090CC09 /* SystemConfiguration.framework in Frameworks */,
				AB41CDF8144E27200090CC09 /* CoreLocation.framework in Frameworks */,
				1D60589F0D05DD5A006BFB54 /* Foundation.framework in Frameworks */,
				1DF5F4E00D08C38300B7A737 /* UIKit.framework in Frameworks */,
				288765080DF74369002DB57D /* CoreGraphics.framework in Frameworks */,
				C70C03CE194E3F1E008C8B01 /* libFlurry_5.0.0.a in Frameworks */,
				C14F5C33145BD54800087F74 /* CFNetwork.framework in Frameworks */,
				AB3B89C916C03A26007C8596 /* Social.framework in Frameworks */,
				AB8121E316C04F5B005FBE96 /* libsqlite3.0.dylib in Frameworks */,
				AB8121DE16C04E92005FBE96 /* AdSupport.framework in Frameworks */,
				AB8121E116C04EA2005FBE96 /* Accounts.framework in Frameworks */,
				62101CACD88F4DE095BA58DA /* libPods.a in Frameworks */,
			);
			runOnlyForDeploymentPostprocessing = 0;
		};
/* End PBXFrameworksBuildPhase section */

/* Begin PBXGroup section */
		080E96DDFE201D6D7F000001 /* Classes */ = {
			isa = PBXGroup;
			children = (
				C70C03CF194E3F30008C8B01 /* Flurry */,
				C12F3A8014F07D01007504BA /* SDWebImage */,
				C18B00E414EEF3EC008ED60F /* CoreDataManager.m */,
				C18B00E514EEF3EC008ED60F /* CoreDataManager.h */,
				AB41CE0A144F572D0090CC09 /* iPhone */,
				AB41CE0C144F574A0090CC09 /* iPad */,
				C1D52F0C1465F85A008D6D09 /* Thrift */,
				ABF64FE614C8D8DE00C21D8E /* PGTableWithEmptyView */,
				AB73A68115B0D7B200726C21 /* SVPullToRefresh */,
				AB1E7AB814D0BF420010617A /* UIDeviceHardware */,
				AB91E431149024C3007786F0 /* Data */,
				ABD317C91487FD1C000A8DC7 /* UI */,
				29B97317FDCFA39411CA2CEA /* Resources */,
				C1D52E4F1465F0A9008D6D09 /* CaratProtocol.h */,
				C1D52E501465F0A9008D6D09 /* CaratProtocol.m */,
				C19D41FF146D23B0004C842A /* Globals.h */,
				C19D4200146D23B0004C842A /* Globals.m */,
				C14F5C34145BDA9900087F74 /* AsyncUdpSocket.h */,
				C14F5C35145BDA9900087F74 /* AsyncUdpSocket.m */,
				C14F5C2C145BD4D300087F74 /* AsyncSocket.h */,
				C14F5C2D145BD4D300087F74 /* AsyncSocket.m */,
				1D3623240D0F684500981E51 /* CaratAppDelegate.h */,
				AB41CDF6144E1E520090CC09 /* CaratAppDelegate.m */,
				AB41CDF1144E1AF60090CC09 /* UIDeviceProc.h */,
				AB41CDF2144E1AF60090CC09 /* UIDeviceProc.m */,
				AB41CDFB144E3B990090CC09 /* Reachability.h */,
				AB41CDFC144E3B990090CC09 /* Reachability.m */,
				C136F09914662E5600F0A292 /* CommunicationManager.h */,
				C136F09A14662E5600F0A292 /* CommunicationManager.m */,
				ABD31805148D8303000A8DC7 /* MBProgressHUD.h */,
				ABD31806148D8304000A8DC7 /* MBProgressHUD.m */,
				AB91E432149162F7007786F0 /* Utilities.h */,
				AB91E433149162F7007786F0 /* Utilities.m */,
				AB583D6C14DB27AC00480241 /* UIImageDoNotCache.h */,
				AB583D6D14DB27AC00480241 /* UIImageDoNotCache.m */,
				AB7BAAC0161A5DE90058AC33 /* CopyLabel.h */,
				AB7BAAC1161A5DE90058AC33 /* CopyLabel.m */,
			);
			path = Classes;
			sourceTree = "<group>";
		};
		19C28FACFE9D520D11CA2CBB /* Products */ = {
			isa = PBXGroup;
			children = (
				1D6058910D05DD3D006BFB54 /* Carat.app */,
			);
			name = Products;
			sourceTree = "<group>";
		};
		29B97314FDCFA39411CA2CEA /* Carat */ = {
			isa = PBXGroup;
			children = (
				8D1107310486CEB800E47090 /* Carat-Info.plist */,
				C70C03CD194E3F1E008C8B01 /* libFlurry_5.0.0.a */,
				C7C570FF1946615F00E8E384 /* Podfile */,
				5232799E42F24276948A951D /* Pods.xcconfig */,
				AB7BAABE161A58670058AC33 /* Default-568h@2x.png */,
				ABE8DA7815247BDB0024C111 /* icon144.png */,
				ABE8DA7615247B790024C111 /* Default-Landscape@2x~ipad.png */,
				ABE8DA7415247B3E0024C111 /* Default-Portrait@2x~ipad.png */,
				ABEF5E5D14F47044002AB4DE /* Default-Landscape~ipad.png */,
				ABEF5E5B14F4700B002AB4DE /* Default-Portrait~ipad.png */,
				ABEC9B6714F1D9FF005CE813 /* license.txt */,
				AB1E7AB314CF8ECD0010617A /* Entitlements.plist */,
				AB645E031456FF1F0008244B /* Default@2x.png */,
				AB645E011456FE530008244B /* Default.png */,
				AB645DF91456FD0C0008244B /* icon72.png */,
				AB645DF71456FCED0008244B /* icon114.png */,
				AB645DF51456F9EC0008244B /* icon57.png */,
				080E96DDFE201D6D7F000001 /* Classes */,
				29B97315FDCFA39411CA2CEA /* Other Sources */,
				29B97323FDCFA39411CA2CEA /* Frameworks */,
				19C28FACFE9D520D11CA2CBB /* Products */,
			);
			name = Carat;
			sourceTree = "<group>";
		};
		29B97315FDCFA39411CA2CEA /* Other Sources */ = {
			isa = PBXGroup;
			children = (
				28A0AB4B0D9B1048005BE974 /* Carat_Prefix.pch */,
				29B97316FDCFA39411CA2CEA /* main.m */,
			);
			name = "Other Sources";
			sourceTree = "<group>";
		};
		29B97317FDCFA39411CA2CEA /* Resources */ = {
			isa = PBXGroup;
			children = (
				ABA3A10214E4A560009B3D33 /* html */,
				C18E107014665E230028095B /* Carat.xcdatamodeld */,
				ABC07A1F14859E7500FCC2C2 /* AboutView.xib */,
				ABA3A0F614E45711009B3D33 /* InstructionView.xib */,
				AB7A112C14E06520004D155C /* ActionView.xib */,
				AB244AF714E10D660055FCD6 /* ActionItemCell.xib */,
				AB41CE2D145229FE0090CC09 /* CurrentView.xib */,
				AB7FA69D1628D4B900838F7A /* HiddenAppsView.xib */,
				AB105EB914EDC9E2000DB145 /* ProcessListView.xib */,
				2840D7CD1179279E00D7F93C /* ReportView.xib */,
				ABC07A13148569F200FCC2C2 /* ReportItemCell.xib */,
				AB105EC214EDD2D2000DB145 /* ProcessItemCell.xib */,
				AB34BBE8151A3E85006C4C76 /* ConsentView.xib */,
				ABD317E014882E93000A8DC7 /* DetailView.xib */,
				AB41CE15144F78450090CC09 /* img */,
			);
			name = Resources;
			path = ..;
			sourceTree = "<group>";
		};
		29B97323FDCFA39411CA2CEA /* Frameworks */ = {
			isa = PBXGroup;
			children = (
				AB8121E016C04EA2005FBE96 /* Accounts.framework */,
				AB8121DD16C04E92005FBE96 /* AdSupport.framework */,
				C14F5C32145BD54800087F74 /* CFNetwork.framework */,
				C18E106D1466591A0028095B /* CoreData.framework */,
				288765070DF74369002DB57D /* CoreGraphics.framework */,
				AB41CDF7144E27200090CC09 /* CoreLocation.framework */,
				1D30AB110D05D00D00671497 /* Foundation.framework */,
				ABAAA9F9161F79D600504A9E /* MapKit.framework */,
				ABD318EB148D8732000A8DC7 /* MessageUI.framework */,
				ABD31902148EC41B000A8DC7 /* QuartzCore.framework */,
				ABD318E9148D8703000A8DC7 /* Security.framework */,
				AB3B89C816C03A26007C8596 /* Social.framework */,
				AB41CDF9144E3B660090CC09 /* SystemConfiguration.framework */,
				1DF5F4DF0D08C38300B7A737 /* UIKit.framework */,
				AB9B57F2148EC51C004F92F2 /* libCorePlot-CocoaTouch.a */,
				AB8121E216C04F5B005FBE96 /* libsqlite3.0.dylib */,
				E4A720DBC61F40BDB6246B59 /* libPods.a */,
			);
			name = Frameworks;
			sourceTree = "<group>";
		};
		AB1E7AB814D0BF420010617A /* UIDeviceHardware */ = {
			isa = PBXGroup;
			children = (
				ABDB096614D110C900885FB7 /* UIDeviceHardware.h */,
				ABDB096714D110C900885FB7 /* UIDeviceHardware.m */,
			);
			name = UIDeviceHardware;
			path = ..;
			sourceTree = "<group>";
		};
		AB41CE0A144F572D0090CC09 /* iPhone */ = {
			isa = PBXGroup;
			children = (
				AB41CE04144F56D40090CC09 /* CaratAppDelegate_iPhone.h */,
				AB41CE05144F56D40090CC09 /* CaratAppDelegate_iPhone.m */,
			);
			name = iPhone;
			sourceTree = "<group>";
		};
		AB41CE0C144F574A0090CC09 /* iPad */ = {
			isa = PBXGroup;
			children = (
				AB41CE07144F56E90090CC09 /* CaratAppDelegate_iPad.h */,
				AB41CE08144F56E90090CC09 /* CaratAppDelegate_iPad.m */,
			);
			name = iPad;
			sourceTree = "<group>";
		};
		AB41CE15144F78450090CC09 /* img */ = {
			isa = PBXGroup;
			children = (
				C7A5C0601945A10F0007EDC9 /* twologo.png */,
				AB9B580A148FEA10004F92F2 /* 37x-Checkmark.png */,
				AB9B580C148FF31D004F92F2 /* 37x-X.png */,
				ABC07A151485828A00FCC2C2 /* amplab_logo.png */,
				ABC07A1914859C7100FCC2C2 /* about.png */,
				AB645DFB1456FDD50008244B /* icon57.png */,
				AB645DFC1456FDD50008244B /* icon72.png */,
				AB645DFD1456FDD50008244B /* icon114.png */,
				AB41CE1A1450BC060090CC09 /* hog.png */,
				AB7A113814E1FEAB004D155C /* 32-iphone.png */,
				ABC07A321486C21A00FCC2C2 /* 53-house.png */,
				AB7A113614E1FE4B004D155C /* bug.png */,
			);
			path = img;
			sourceTree = "<group>";
		};
		AB73A68115B0D7B200726C21 /* SVPullToRefresh */ = {
			isa = PBXGroup;
			children = (
				AB73A68215B0D7B300726C21 /* SVPullToRefresh.h */,
				AB73A68315B0D7B300726C21 /* SVPullToRefresh.m */,
			);
			path = SVPullToRefresh;
			sourceTree = "<group>";
		};
		AB91E431149024C3007786F0 /* Data */ = {
			isa = PBXGroup;
			children = (
				C19D4205146D2AD6004C842A /* CoreDataSample.h */,
				C19D4206146D2AD6004C842A /* CoreDataSample.m */,
				C19D41F9146D2385004C842A /* CoreDataProcessInfo.h */,
				C19D41FA146D2385004C842A /* CoreDataProcessInfo.m */,
				AB9B58111490247A004F92F2 /* CoreDataReport.h */,
				AB9B58121490247A004F92F2 /* CoreDataReport.m */,
				AB9B580E14902467004F92F2 /* CoreDataDetail.h */,
				AB9B580F14902467004F92F2 /* CoreDataDetail.m */,
			);
			name = Data;
			sourceTree = "<group>";
		};
		ABA3A10214E4A560009B3D33 /* html */ = {
			isa = PBXGroup;
			children = (
				ABD75498162F5FC100817924 /* activebatterylife.html */,
				ABE5C2A416F0F36300780085 /* collectdata.html */,
				AB99EB0014EA6C130008E440 /* upgradeos.html */,
				AB9525AD14EA1B5900343418 /* about.html */,
				AB7568D7151B0DAC0082AEE9 /* consent.html */,
				AB9525AF14EA1B6F00343418 /* killapp.html */,
				AB105EBE14EDCCD2000DB145 /* jscoreinfo.html */,
				ABFCF9F714F6CDF600A508E0 /* memoryinfo.html */,
				ABFCF9FB14F6DE4B00A508E0 /* detailinfo.html */,
				ABA3A10314E4A570009B3D33 /* img */,
			);
			name = html;
			sourceTree = "<group>";
		};
		ABA3A10314E4A570009B3D33 /* img */ = {
			isa = PBXGroup;
			children = (
				AB99EB0214EA6CCD0008E440 /* deviceselect.png */,
				AB99EB0314EA6CCD0008E440 /* updatecheck.png */,
				ABB1221A14E9E7C300FE959A /* procmanager1.png */,
				ABB1221B14E9E7C300FE959A /* procmanager2.png */,
				AB105EC014EDD0CE000DB145 /* jscoreplot.png */,
				ABFCF9F914F6DAAE00A508E0 /* energyratedist.png */,
			);
			name = img;
			sourceTree = "<group>";
		};
		ABD317C91487FD1C000A8DC7 /* UI */ = {
			isa = PBXGroup;
			children = (
				ABC07A2114859EBE00FCC2C2 /* AboutViewController.h */,
				ABC07A2214859EBE00FCC2C2 /* AboutViewController.m */,
				AB7A113114E1F738004D155C /* ActionViewController.h */,
				AB7A113214E1F738004D155C /* ActionViewController.m */,
				ABD317FA14884F6F000A8DC7 /* BugDetailViewController.h */,
				ABD317FB14884F6F000A8DC7 /* BugDetailViewController.m */,
				28216C950DB411BC00E5133A /* BugReportViewController.h */,
				28216C960DB411BC00E5133A /* BugReportViewController.m */,
				AB34BBEB151A3EB8006C4C76 /* ConsentViewController.h */,
				AB34BBEC151A3EB8006C4C76 /* ConsentViewController.m */,
				AB7999131455C237000AE9FE /* CurrentViewController.h */,
				AB7999141455C23E000AE9FE /* CurrentViewController.m */,
				AB91E4441499266A007786F0 /* DetailViewController.h */,
				AB91E4451499266B007786F0 /* DetailViewController.m */,
				AB7FA69B1628D4B800838F7A /* HiddenAppsViewController.h */,
				AB7FA69C1628D4B800838F7A /* HiddenAppsViewController.m */,
				ABD317E214882F1C000A8DC7 /* HogDetailViewController.h */,
				ABD317E314882F1C000A8DC7 /* HogDetailViewController.m */,
				AB7999101455C1BC000AE9FE /* HogReportViewController.h */,
				AB7999111455C1C5000AE9FE /* HogReportViewController.m */,
				ABA3A0F814E4592F009B3D33 /* InstructionViewController.h */,
				ABA3A0F914E4592F009B3D33 /* InstructionViewController.m */,
				AB105EBB14EDCA57000DB145 /* ProcessListViewController.h */,
				AB105EBC14EDCA57000DB145 /* ProcessListViewController.m */,
				AB91E4411499264F007786F0 /* ReportViewController.h */,
				AB91E4421499264F007786F0 /* ReportViewController.m */,
				AB7A113A14E2049F004D155C /* ActionItemCell.h */,
				AB7A113B14E2049F004D155C /* ActionItemCell.m */,
				AB99EB0614EA6E6F0008E440 /* ActionObject.h */,
				AB99EB0714EA6E6F0008E440 /* ActionObject.m */,
				ABC07A661487FC9E00FCC2C2 /* ReportItemCell.h */,
				ABC07A671487FC9E00FCC2C2 /* ReportItemCell.m */,
				ABEC9B6414F1CFA6005CE813 /* ProcessItemCell.h */,
				ABEC9B6514F1CFA6005CE813 /* ProcessItemCell.m */,
			);
			name = UI;
			sourceTree = "<group>";
		};
		ABF64FE614C8D8DE00C21D8E /* PGTableWithEmptyView */ = {
			isa = PBXGroup;
			children = (
				ABF64FE714C8D8DF00C21D8E /* PGTableViewWithEmptyView.h */,
				ABF64FE814C8D8DF00C21D8E /* PGTableViewWithEmptyView.m */,
			);
			path = PGTableWithEmptyView;
			sourceTree = "<group>";
		};
		C12F3A8014F07D01007504BA /* SDWebImage */ = {
			isa = PBXGroup;
			children = (
				ABEC9B3F14F1CA71005CE813 /* SDImageCache.h */,
				ABEC9B4014F1CA71005CE813 /* SDImageCache.m */,
				ABEC9B4114F1CA71005CE813 /* SDImageCacheDelegate.h */,
				ABEC9B4514F1CA71005CE813 /* SDWebImageCompat.h */,
				ABEC9B4614F1CA71005CE813 /* SDWebImageDecoder.h */,
				ABEC9B4714F1CA71005CE813 /* SDWebImageDecoder.m */,
				ABEC9B4814F1CA71005CE813 /* SDWebImageDownloader.h */,
				ABEC9B4914F1CA71005CE813 /* SDWebImageDownloader.m */,
				ABEC9B4A14F1CA71005CE813 /* SDWebImageDownloaderDelegate.h */,
				ABEC9B4B14F1CA71005CE813 /* SDWebImageManager.h */,
				ABEC9B4C14F1CA71005CE813 /* SDWebImageManager.m */,
				ABEC9B4D14F1CA71005CE813 /* SDWebImageManagerDelegate.h */,
				ABEC9B4E14F1CA71005CE813 /* SDWebImagePrefetcher.h */,
				ABEC9B4F14F1CA71005CE813 /* SDWebImagePrefetcher.m */,
				ABEC9B5014F1CA71005CE813 /* UIButton+WebCache.h */,
				ABEC9B5114F1CA71005CE813 /* UIButton+WebCache.m */,
				ABEC9B5214F1CA71005CE813 /* UIImageView+WebCache.h */,
				ABEC9B5314F1CA71005CE813 /* UIImageView+WebCache.m */,
			);
			path = SDWebImage;
			sourceTree = "<group>";
		};
		C1D52F0C1465F85A008D6D09 /* Thrift */ = {
			isa = PBXGroup;
			children = (
				C1D52F0D1465F85A008D6D09 /* protocol */,
				C1D52F161465F85A008D6D09 /* server */,
				C1D52F191465F85A008D6D09 /* TApplicationException.h */,
				C1D52F1A1465F85A008D6D09 /* TApplicationException.m */,
				C1D52F1B1465F85A008D6D09 /* TException.h */,
				C1D52F1C1465F85A008D6D09 /* TException.m */,
				C1D52F1D1465F85A008D6D09 /* TProcessor.h */,
				C1D52F1E1465F85A008D6D09 /* TProcessorFactory.h */,
				C1D52F1F1465F85A008D6D09 /* transport */,
				C1D52F2D1465F85A008D6D09 /* TSharedProcessorFactory.h */,
				C1D52F2E1465F85A008D6D09 /* TSharedProcessorFactory.m */,
				AB8C851E1641D49F002E948C /* TObjective-C.h */,
			);
			path = Thrift;
			sourceTree = "<group>";
		};
		C1D52F0D1465F85A008D6D09 /* protocol */ = {
			isa = PBXGroup;
			children = (
				C1D52F0E1465F85A008D6D09 /* TBinaryProtocol.h */,
				C1D52F0F1465F85A008D6D09 /* TBinaryProtocol.m */,
				C1D52F101465F85A008D6D09 /* TProtocol.h */,
				C1D52F111465F85A008D6D09 /* TProtocolException.h */,
				C1D52F121465F85A008D6D09 /* TProtocolException.m */,
				C1D52F131465F85A008D6D09 /* TProtocolFactory.h */,
				C1D52F141465F85A008D6D09 /* TProtocolUtil.h */,
				C1D52F151465F85A008D6D09 /* TProtocolUtil.m */,
			);
			path = protocol;
			sourceTree = "<group>";
		};
		C1D52F161465F85A008D6D09 /* server */ = {
			isa = PBXGroup;
			children = (
				C1D52F171465F85A008D6D09 /* TSocketServer.h */,
				C1D52F181465F85A008D6D09 /* TSocketServer.m */,
			);
			path = server;
			sourceTree = "<group>";
		};
		C1D52F1F1465F85A008D6D09 /* transport */ = {
			isa = PBXGroup;
			children = (
				C1D52F201465F85A008D6D09 /* THTTPClient.h */,
				C1D52F211465F85A008D6D09 /* THTTPClient.m */,
				C1D52F221465F85A008D6D09 /* TMemoryBuffer.h */,
				C1D52F231465F85A008D6D09 /* TMemoryBuffer.m */,
				C1D52F241465F85A008D6D09 /* TNSFileHandleTransport.h */,
				C1D52F251465F85A008D6D09 /* TNSFileHandleTransport.m */,
				C1D52F261465F85A008D6D09 /* TNSStreamTransport.h */,
				C1D52F271465F85A008D6D09 /* TNSStreamTransport.m */,
				C1D52F281465F85A008D6D09 /* TSocketClient.h */,
				C1D52F291465F85A008D6D09 /* TSocketClient.m */,
				C1D52F2A1465F85A008D6D09 /* TTransport.h */,
				C1D52F2B1465F85A008D6D09 /* TTransportException.h */,
				C1D52F2C1465F85A008D6D09 /* TTransportException.m */,
			);
			path = transport;
			sourceTree = "<group>";
		};
		C70C03CF194E3F30008C8B01 /* Flurry */ = {
			isa = PBXGroup;
			children = (
				C70C03D0194E3F30008C8B01 /* Flurry.h */,
			);
			path = Flurry;
			sourceTree = "<group>";
		};
/* End PBXGroup section */

/* Begin PBXNativeTarget section */
		1D6058900D05DD3D006BFB54 /* Carat */ = {
			isa = PBXNativeTarget;
			buildConfigurationList = 1D6058960D05DD3E006BFB54 /* Build configuration list for PBXNativeTarget "Carat" */;
			buildPhases = (
				5BF6D5B123424389BB01DEF3 /* Check Pods Manifest.lock */,
				1D60588D0D05DD3D006BFB54 /* Resources */,
				1D60588E0D05DD3D006BFB54 /* Sources */,
				1D60588F0D05DD3D006BFB54 /* Frameworks */,
				AA1E504D4BF34D31BF9ADB81 /* Copy Pods Resources */,
			);
			buildRules = (
			);
			dependencies = (
			);
			name = Carat;
			productName = Carat;
			productReference = 1D6058910D05DD3D006BFB54 /* Carat.app */;
			productType = "com.apple.product-type.application";
		};
/* End PBXNativeTarget section */

/* Begin PBXProject section */
		29B97313FDCFA39411CA2CEA /* Project object */ = {
			isa = PBXProject;
			attributes = {
				LastUpgradeCheck = 0510;
				ORGANIZATIONNAME = "UC Berkeley";
				TargetAttributes = {
					1D6058900D05DD3D006BFB54 = {
						DevelopmentTeam = 6DTUZ33TN6;
					};
				};
			};
			buildConfigurationList = C01FCF4E08A954540054247B /* Build configuration list for PBXProject "Carat" */;
			compatibilityVersion = "Xcode 3.2";
			developmentRegion = English;
			hasScannedForEncodings = 1;
			knownRegions = (
				English,
				Japanese,
				French,
				German,
				de,
				en,
				eu,
				fr,
				ja,
				ko,
				nl,
				vi,
				zh_CN,
			);
			mainGroup = 29B97314FDCFA39411CA2CEA /* Carat */;
			projectDirPath = "";
			projectRoot = "";
			targets = (
				1D6058900D05DD3D006BFB54 /* Carat */,
			);
		};
/* End PBXProject section */

/* Begin PBXResourcesBuildPhase section */
		1D60588D0D05DD3D006BFB54 /* Resources */ = {
			isa = PBXResourcesBuildPhase;
			buildActionMask = 2147483647;
			files = (
				2840D7CE1179279E00D7F93C /* ReportView.xib in Resources */,
				AB41CE1C1450BC060090CC09 /* hog.png in Resources */,
				AB41CE2E145229FE0090CC09 /* CurrentView.xib in Resources */,
				AB645DF61456F9EC0008244B /* icon57.png in Resources */,
				AB645DF81456FCED0008244B /* icon114.png in Resources */,
				AB645DFA1456FD0C0008244B /* icon72.png in Resources */,
				AB645E021456FE530008244B /* Default.png in Resources */,
				AB645E041456FF1F0008244B /* Default@2x.png in Resources */,
				ABC07A14148569F200FCC2C2 /* ReportItemCell.xib in Resources */,
				ABC07A161485828A00FCC2C2 /* amplab_logo.png in Resources */,
				ABC07A1B14859C7100FCC2C2 /* about.png in Resources */,
				ABC07A2014859E7600FCC2C2 /* AboutView.xib in Resources */,
				ABC07A331486C21A00FCC2C2 /* 53-house.png in Resources */,
				ABD317E114882E93000A8DC7 /* DetailView.xib in Resources */,
				AB9B580B148FEA10004F92F2 /* 37x-Checkmark.png in Resources */,
				AB9B580D148FF31D004F92F2 /* 37x-X.png in Resources */,
				AB1E7AB414CF8ECE0010617A /* Entitlements.plist in Resources */,
				AB7A112D14E06520004D155C /* ActionView.xib in Resources */,
				AB244AF814E10D660055FCD6 /* ActionItemCell.xib in Resources */,
				AB7A113714E1FE4B004D155C /* bug.png in Resources */,
				AB7A113914E1FEAB004D155C /* 32-iphone.png in Resources */,
				ABA3A0F714E45711009B3D33 /* InstructionView.xib in Resources */,
				ABB1221C14E9E7C300FE959A /* procmanager1.png in Resources */,
				ABB1221D14E9E7C300FE959A /* procmanager2.png in Resources */,
				AB9525AE14EA1B5900343418 /* about.html in Resources */,
				AB9525B014EA1B6F00343418 /* killapp.html in Resources */,
				AB99EB0114EA6C130008E440 /* upgradeos.html in Resources */,
				AB99EB0414EA6CCD0008E440 /* deviceselect.png in Resources */,
				AB99EB0514EA6CCD0008E440 /* updatecheck.png in Resources */,
				AB105EBA14EDC9E2000DB145 /* ProcessListView.xib in Resources */,
				AB105EBF14EDCCD2000DB145 /* jscoreinfo.html in Resources */,
				AB105EC114EDD0CE000DB145 /* jscoreplot.png in Resources */,
				AB105EC314EDD2D3000DB145 /* ProcessItemCell.xib in Resources */,
				ABEC9B6814F1DA00005CE813 /* license.txt in Resources */,
				ABEF5E5C14F4700C002AB4DE /* Default-Portrait~ipad.png in Resources */,
				ABEF5E5E14F47044002AB4DE /* Default-Landscape~ipad.png in Resources */,
				ABFCF9F814F6CDF600A508E0 /* memoryinfo.html in Resources */,
				ABFCF9FA14F6DAAE00A508E0 /* energyratedist.png in Resources */,
				ABFCF9FC14F6DE4B00A508E0 /* detailinfo.html in Resources */,
				AB34BBE9151A3E85006C4C76 /* ConsentView.xib in Resources */,
				AB7568D8151B0DAC0082AEE9 /* consent.html in Resources */,
				ABE8DA7515247B3E0024C111 /* Default-Portrait@2x~ipad.png in Resources */,
				ABE8DA7715247B790024C111 /* Default-Landscape@2x~ipad.png in Resources */,
				ABE8DA7915247BDB0024C111 /* icon144.png in Resources */,
				AB7BAABF161A58670058AC33 /* Default-568h@2x.png in Resources */,
				AB7FA69F1628D4B900838F7A /* HiddenAppsView.xib in Resources */,
				ABD75499162F5FC100817924 /* activebatterylife.html in Resources */,
				C7A5C0611945A10F0007EDC9 /* twologo.png in Resources */,
				C7C571001946615F00E8E384 /* Podfile in Resources */,
				ABE5C2A516F0F36300780085 /* collectdata.html in Resources */,
			);
			runOnlyForDeploymentPostprocessing = 0;
		};
/* End PBXResourcesBuildPhase section */

/* Begin PBXShellScriptBuildPhase section */
		5BF6D5B123424389BB01DEF3 /* Check Pods Manifest.lock */ = {
			isa = PBXShellScriptBuildPhase;
			buildActionMask = 2147483647;
			files = (
			);
			inputPaths = (
			);
			name = "Check Pods Manifest.lock";
			outputPaths = (
			);
			runOnlyForDeploymentPostprocessing = 0;
			shellPath = /bin/sh;
			shellScript = "diff \"${PODS_ROOT}/../Podfile.lock\" \"${PODS_ROOT}/Manifest.lock\" > /dev/null\nif [[ $? != 0 ]] ; then\n    cat << EOM\nerror: The sandbox is not in sync with the Podfile.lock. Run 'pod install' or update your CocoaPods installation.\nEOM\n    exit 1\nfi\n";
			showEnvVarsInLog = 0;
		};
		AA1E504D4BF34D31BF9ADB81 /* Copy Pods Resources */ = {
			isa = PBXShellScriptBuildPhase;
			buildActionMask = 2147483647;
			files = (
			);
			inputPaths = (
			);
			name = "Copy Pods Resources";
			outputPaths = (
			);
			runOnlyForDeploymentPostprocessing = 0;
			shellPath = /bin/sh;
			shellScript = "\"${SRCROOT}/Pods/Pods-resources.sh\"\n";
			showEnvVarsInLog = 0;
		};
/* End PBXShellScriptBuildPhase section */

/* Begin PBXSourcesBuildPhase section */
		1D60588E0D05DD3D006BFB54 /* Sources */ = {
			isa = PBXSourcesBuildPhase;
			buildActionMask = 2147483647;
			files = (
				1D60589B0D05DD56006BFB54 /* main.m in Sources */,
				AB41CDF4144E1E520090CC09 /* CaratAppDelegate.m in Sources */,
				28216C970DB411BC00E5133A /* BugReportViewController.m in Sources */,
				AB41CDF3144E1AF60090CC09 /* UIDeviceProc.m in Sources */,
				AB41CDFD144E3B990090CC09 /* Reachability.m in Sources */,
				AB41CE06144F56D40090CC09 /* CaratAppDelegate_iPhone.m in Sources */,
				AB41CE09144F56E90090CC09 /* CaratAppDelegate_iPad.m in Sources */,
				AB7999121455C1C5000AE9FE /* HogReportViewController.m in Sources */,
				AB7999151455C23E000AE9FE /* CurrentViewController.m in Sources */,
				C14F5C30145BD4D300087F74 /* AsyncSocket.m in Sources */,
				C14F5C36145BDA9900087F74 /* AsyncUdpSocket.m in Sources */,
				C1D52E511465F0A9008D6D09 /* CaratProtocol.m in Sources */,
				C1D52F2F1465F85A008D6D09 /* TBinaryProtocol.m in Sources */,
				C1D52F301465F85A008D6D09 /* TProtocolException.m in Sources */,
				C1D52F311465F85A008D6D09 /* TProtocolUtil.m in Sources */,
				C1D52F321465F85A008D6D09 /* TSocketServer.m in Sources */,
				C1D52F331465F85A008D6D09 /* TApplicationException.m in Sources */,
				C1D52F341465F85A008D6D09 /* TException.m in Sources */,
				C1D52F351465F85A008D6D09 /* THTTPClient.m in Sources */,
				C1D52F361465F85A008D6D09 /* TMemoryBuffer.m in Sources */,
				C1D52F371465F85A008D6D09 /* TNSFileHandleTransport.m in Sources */,
				C1D52F381465F85A008D6D09 /* TNSStreamTransport.m in Sources */,
				C1D52F391465F85A008D6D09 /* TSocketClient.m in Sources */,
				C1D52F3A1465F85A008D6D09 /* TTransportException.m in Sources */,
				C1D52F3B1465F85A008D6D09 /* TSharedProcessorFactory.m in Sources */,
				C136F09B14662E5600F0A292 /* CommunicationManager.m in Sources */,
				C18E107214665E230028095B /* Carat.xcdatamodeld in Sources */,
				C19D41FD146D2386004C842A /* CoreDataProcessInfo.m in Sources */,
				C19D4201146D23B0004C842A /* Globals.m in Sources */,
				C19D4207146D2AD6004C842A /* CoreDataSample.m in Sources */,
				ABC07A2414859EBE00FCC2C2 /* AboutViewController.m in Sources */,
				ABC07A681487FC9F00FCC2C2 /* ReportItemCell.m in Sources */,
				ABD317E514882F1C000A8DC7 /* HogDetailViewController.m in Sources */,
				ABD317FD14884F6F000A8DC7 /* BugDetailViewController.m in Sources */,
				ABD31807148D8304000A8DC7 /* MBProgressHUD.m in Sources */,
				AB9B581014902467004F92F2 /* CoreDataDetail.m in Sources */,
				AB9B58131490247B004F92F2 /* CoreDataReport.m in Sources */,
				AB91E434149162F7007786F0 /* Utilities.m in Sources */,
				AB91E44314992650007786F0 /* ReportViewController.m in Sources */,
				AB91E4461499266C007786F0 /* DetailViewController.m in Sources */,
				ABF64FE914C8D8DF00C21D8E /* PGTableViewWithEmptyView.m in Sources */,
				ABDB096814D110C900885FB7 /* UIDeviceHardware.m in Sources */,
				AB583D6E14DB27AD00480241 /* UIImageDoNotCache.m in Sources */,
				AB7A113414E1F738004D155C /* ActionViewController.m in Sources */,
				AB7A113D14E2049F004D155C /* ActionItemCell.m in Sources */,
				ABA3A0FA14E4592F009B3D33 /* InstructionViewController.m in Sources */,
				AB99EB0814EA6E6F0008E440 /* ActionObject.m in Sources */,
				AB105EBD14EDCA57000DB145 /* ProcessListViewController.m in Sources */,
				C18B00E614EEF3EC008ED60F /* CoreDataManager.m in Sources */,
				ABEC9B5714F1CA71005CE813 /* SDImageCache.m in Sources */,
				ABEC9B5814F1CA71005CE813 /* SDWebImageDecoder.m in Sources */,
				ABEC9B5914F1CA71005CE813 /* SDWebImageDownloader.m in Sources */,
				ABEC9B5A14F1CA71005CE813 /* SDWebImageManager.m in Sources */,
				ABEC9B5B14F1CA71005CE813 /* SDWebImagePrefetcher.m in Sources */,
				ABEC9B5C14F1CA71005CE813 /* UIButton+WebCache.m in Sources */,
				ABEC9B5D14F1CA71005CE813 /* UIImageView+WebCache.m in Sources */,
				ABEC9B6614F1CFA7005CE813 /* ProcessItemCell.m in Sources */,
				AB34BBEE151A3EB8006C4C76 /* ConsentViewController.m in Sources */,
				AB73A68415B0D7B300726C21 /* SVPullToRefresh.m in Sources */,
				AB7BAAC2161A5DE90058AC33 /* CopyLabel.m in Sources */,
				AB7FA69E1628D4B900838F7A /* HiddenAppsViewController.m in Sources */,
			);
			runOnlyForDeploymentPostprocessing = 0;
		};
/* End PBXSourcesBuildPhase section */

/* Begin PBXVariantGroup section */
		AB41CDF6144E1E520090CC09 /* CaratAppDelegate.m */ = {
			isa = PBXVariantGroup;
			children = (
				AB41CDF5144E1E520090CC09 /* en */,
			);
			name = CaratAppDelegate.m;
			sourceTree = "<group>";
		};
/* End PBXVariantGroup section */

/* Begin XCBuildConfiguration section */
		1D6058940D05DD3E006BFB54 /* Debug */ = {
			isa = XCBuildConfiguration;
			baseConfigurationReference = 5232799E42F24276948A951D /* Pods.xcconfig */;
			buildSettings = {
				ALWAYS_SEARCH_USER_PATHS = NO;
				CLANG_ENABLE_OBJC_ARC = NO;
				CODE_SIGN_IDENTITY = "iPhone Developer";
				"CODE_SIGN_IDENTITY[sdk=iphoneos*]" = "iPhone Developer";
				COPY_PHASE_STRIP = NO;
				FRAMEWORK_SEARCH_PATHS = (
					"$(inherited)",
					"\"$(SRCROOT)/Socialize.embeddedframework\"",
					"\"$(SRCROOT)\"",
				);
				GCC_DYNAMIC_NO_PIC = NO;
				GCC_OPTIMIZATION_LEVEL = 0;
				GCC_PRECOMPILE_PREFIX_HEADER = YES;
				GCC_PREFIX_HEADER = Carat_Prefix.pch;
				GCC_PREPROCESSOR_DEFINITIONS = "";
				"GCC_PREPROCESSOR_DEFINITIONS[arch=*]" = "DEBUG_MODE=1";
				GCC_VERSION = com.apple.compilers.llvm.clang.1_0;
				INFOPLIST_FILE = "Carat-Info.plist";
				IPHONEOS_DEPLOYMENT_TARGET = 4.3;
				LIBRARY_SEARCH_PATHS = (
					"$(inherited)",
					"\"$(SRCROOT)/Classes/Flurry\"",
					"\"$(SRCROOT)/Classes\"",
					"$(SRCROOT)",
					"$(PROJECT_DIR)",
				);
				ONLY_ACTIVE_ARCH = NO;
				OTHER_LDFLAGS = (
					"-ObjC",
					"-all_load",
				);
				PRODUCT_NAME = Carat;
				PROVISIONING_PROFILE = "3DBC0ACB-391A-432E-A03D-BABA65FE0DC1";
				"USER_HEADER_SEARCH_PATHS[arch=*]" = "$(BUILT_PRODUCTS_DIR)/**";
			};
			name = Debug;
		};
		1D6058950D05DD3E006BFB54 /* Release */ = {
			isa = XCBuildConfiguration;
			baseConfigurationReference = 5232799E42F24276948A951D /* Pods.xcconfig */;
			buildSettings = {
				ALWAYS_SEARCH_USER_PATHS = NO;
				CLANG_ENABLE_OBJC_ARC = NO;
				CODE_SIGN_ENTITLEMENTS = "";
				"CODE_SIGN_ENTITLEMENTS[sdk=*]" = Entitlements.plist;
				CODE_SIGN_IDENTITY = "iPhone Distribution: Adam Oliner (6DTUZ33TN6)";
				"CODE_SIGN_IDENTITY[sdk=iphoneos*]" = "iPhone Distribution: Adam Oliner (6DTUZ33TN6)";
				COPY_PHASE_STRIP = YES;
				FRAMEWORK_SEARCH_PATHS = (
					"$(inherited)",
					"\"$(SRCROOT)/Socialize.embeddedframework\"",
					"\"$(SRCROOT)\"",
				);
				GCC_PRECOMPILE_PREFIX_HEADER = YES;
				GCC_PREFIX_HEADER = Carat_Prefix.pch;
				GCC_VERSION = com.apple.compilers.llvm.clang.1_0;
				INFOPLIST_FILE = "Carat-Info.plist";
				IPHONEOS_DEPLOYMENT_TARGET = 4.3;
				LIBRARY_SEARCH_PATHS = (
					"$(inherited)",
					"\"$(SRCROOT)/Classes/Flurry\"",
					"\"$(SRCROOT)/Classes\"",
					"$(SRCROOT)",
					"$(PROJECT_DIR)",
				);
				ONLY_ACTIVE_ARCH = NO;
				OTHER_LDFLAGS = (
					"-ObjC",
					"-all_load",
				);
				PRODUCT_NAME = Carat;
				PROVISIONING_PROFILE = "22439380-66B1-4CA6-BEF2-A1B5E4BC417E";
				"PROVISIONING_PROFILE[sdk=iphoneos*]" = "22439380-66B1-4CA6-BEF2-A1B5E4BC417E";
				SKIP_INSTALL = NO;
				"USER_HEADER_SEARCH_PATHS[arch=*]" = "$(BUILT_PRODUCTS_DIR)/**";
				VALIDATE_PRODUCT = YES;
			};
			name = Release;
		};
		AB1E7AB114CF8E640010617A /* Ad Hoc */ = {
			isa = XCBuildConfiguration;
			buildSettings = {
				ARCHS = armv7;
				CLANG_ENABLE_OBJC_ARC = NO;
				CODE_SIGN_IDENTITY = "";
				"CODE_SIGN_IDENTITY[sdk=*]" = "";
				GCC_C_LANGUAGE_STANDARD = c99;
				GCC_THUMB_SUPPORT = NO;
				GCC_WARN_ABOUT_RETURN_TYPE = YES;
				GCC_WARN_UNUSED_VARIABLE = YES;
				IPHONEOS_DEPLOYMENT_TARGET = 4.3;
				OTHER_CFLAGS = "-DNS_BLOCK_ASSERTIONS=1";
				OTHER_LDFLAGS = "";
				PROVISIONING_PROFILE = "";
				"PROVISIONING_PROFILE[sdk=*]" = "";
				SDKROOT = iphoneos;
				TARGETED_DEVICE_FAMILY = "1,2";
			};
			name = "Ad Hoc";
		};
		AB1E7AB214CF8E640010617A /* Ad Hoc */ = {
			isa = XCBuildConfiguration;
			baseConfigurationReference = 5232799E42F24276948A951D /* Pods.xcconfig */;
			buildSettings = {
				ALWAYS_SEARCH_USER_PATHS = NO;
				CLANG_ENABLE_OBJC_ARC = NO;
				"CODE_SIGN_ENTITLEMENTS[sdk=*]" = Entitlements.plist;
				CODE_SIGN_IDENTITY = "iPhone Developer";
				"CODE_SIGN_IDENTITY[sdk=*]" = "iPhone Distribution: Adam Oliner";
				"CODE_SIGN_IDENTITY[sdk=iphoneos*]" = "iPhone Developer";
				COPY_PHASE_STRIP = YES;
				FRAMEWORK_SEARCH_PATHS = (
					"$(inherited)",
					"\"$(SRCROOT)/Socialize.embeddedframework\"",
					"\"$(SRCROOT)\"",
				);
				GCC_PRECOMPILE_PREFIX_HEADER = YES;
				GCC_PREFIX_HEADER = Carat_Prefix.pch;
				GCC_VERSION = com.apple.compilers.llvm.clang.1_0;
				INFOPLIST_FILE = "Carat-Info.plist";
				IPHONEOS_DEPLOYMENT_TARGET = 4.3;
				LIBRARY_SEARCH_PATHS = (
					"$(inherited)",
					"\"$(SRCROOT)/Classes/Flurry\"",
					"\"$(SRCROOT)/Classes\"",
					"$(SRCROOT)",
					"$(PROJECT_DIR)",
				);
				ONLY_ACTIVE_ARCH = NO;
				OTHER_LDFLAGS = (
					"-ObjC",
					"-all_load",
				);
				PRODUCT_NAME = Carat;
				PROVISIONING_PROFILE = "";
				"PROVISIONING_PROFILE[sdk=*]" = "";
				VALIDATE_PRODUCT = YES;
			};
			name = "Ad Hoc";
		};
		C01FCF4F08A954540054247B /* Debug */ = {
			isa = XCBuildConfiguration;
			buildSettings = {
				ARCHS = armv7;
				CLANG_ENABLE_OBJC_ARC = NO;
				CODE_SIGN_IDENTITY = "";
				"CODE_SIGN_IDENTITY[sdk=iphoneos*]" = "";
				GCC_C_LANGUAGE_STANDARD = c99;
				"GCC_PREPROCESSOR_DEFINITIONS[arch=*]" = "DEBUG_MODE=1";
				GCC_THUMB_SUPPORT = NO;
				GCC_WARN_ABOUT_RETURN_TYPE = YES;
				GCC_WARN_UNUSED_VARIABLE = YES;
				IPHONEOS_DEPLOYMENT_TARGET = 4.3;
				ONLY_ACTIVE_ARCH = YES;
				OTHER_LDFLAGS = "";
				PROVISIONING_PROFILE = "";
				SDKROOT = iphoneos;
				TARGETED_DEVICE_FAMILY = "1,2";
			};
			name = Debug;
		};
		C01FCF5008A954540054247B /* Release */ = {
			isa = XCBuildConfiguration;
			buildSettings = {
				ARCHS = armv7;
				CLANG_ENABLE_OBJC_ARC = NO;
				CODE_SIGN_IDENTITY = "iPhone Distribution: Adam Oliner (6DTUZ33TN6)";
				"CODE_SIGN_IDENTITY[sdk=iphoneos*]" = "iPhone Distribution: Adam Oliner (6DTUZ33TN6)";
				GCC_C_LANGUAGE_STANDARD = c99;
				GCC_THUMB_SUPPORT = NO;
				GCC_WARN_ABOUT_RETURN_TYPE = YES;
				GCC_WARN_UNUSED_VARIABLE = YES;
				IPHONEOS_DEPLOYMENT_TARGET = 4.3;
				OTHER_CFLAGS = "-DNS_BLOCK_ASSERTIONS=1";
				OTHER_LDFLAGS = "";
				PROVISIONING_PROFILE = "22439380-66B1-4CA6-BEF2-A1B5E4BC417E";
				"PROVISIONING_PROFILE[sdk=iphoneos*]" = "22439380-66B1-4CA6-BEF2-A1B5E4BC417E";
				SDKROOT = iphoneos;
				TARGETED_DEVICE_FAMILY = "1,2";
			};
			name = Release;
		};
/* End XCBuildConfiguration section */

/* Begin XCConfigurationList section */
		1D6058960D05DD3E006BFB54 /* Build configuration list for PBXNativeTarget "Carat" */ = {
			isa = XCConfigurationList;
			buildConfigurations = (
				1D6058940D05DD3E006BFB54 /* Debug */,
				1D6058950D05DD3E006BFB54 /* Release */,
				AB1E7AB214CF8E640010617A /* Ad Hoc */,
			);
			defaultConfigurationIsVisible = 0;
			defaultConfigurationName = Release;
		};
		C01FCF4E08A954540054247B /* Build configuration list for PBXProject "Carat" */ = {
			isa = XCConfigurationList;
			buildConfigurations = (
				C01FCF4F08A954540054247B /* Debug */,
				C01FCF5008A954540054247B /* Release */,
				AB1E7AB114CF8E640010617A /* Ad Hoc */,
			);
			defaultConfigurationIsVisible = 0;
			defaultConfigurationName = Release;
		};
/* End XCConfigurationList section */

/* Begin XCVersionGroup section */
		C18E107014665E230028095B /* Carat.xcdatamodeld */ = {
			isa = XCVersionGroup;
			children = (
				C18E107114665E230028095B /* Carat.xcdatamodel */,
			);
			currentVersion = C18E107114665E230028095B /* Carat.xcdatamodel */;
			path = Carat.xcdatamodeld;
			sourceTree = "<group>";
			versionGroupType = wrapper.xcdatamodel;
		};
/* End XCVersionGroup section */
	};
	rootObject = 29B97313FDCFA39411CA2CEA /* Project object */;
}
