// !$*UTF8*$!
{
	archiveVersion = 1;
	classes = {
	};
	objectVersion = 46;
	objects = {

/* Begin PBXBuildFile section */
		1D60589B0D05DD56006BFB54 /* main.m in Sources */ = {isa = PBXBuildFile; fileRef = 29B97316FDCFA39411CA2CEA /* main.m */; };
		1D60589F0D05DD5A006BFB54 /* Foundation.framework in Frameworks */ = {isa = PBXBuildFile; fileRef = 1D30AB110D05D00D00671497 /* Foundation.framework */; };
		1DF5F4E00D08C38300B7A737 /* UIKit.framework in Frameworks */ = {isa = PBXBuildFile; fileRef = 1DF5F4DF0D08C38300B7A737 /* UIKit.framework */; };
		28216C970DB411BC00E5133A /* BugReportViewController.m in Sources */ = {isa = PBXBuildFile; fileRef = 28216C960DB411BC00E5133A /* BugReportViewController.m */; };
		282CCBFE0DB6C98000C4EA27 /* BugReportView.xib in Resources */ = {isa = PBXBuildFile; fileRef = 282CCBFD0DB6C98000C4EA27 /* BugReportView.xib */; };
		2840D7CE1179279E00D7F93C /* HogReportView.xib in Resources */ = {isa = PBXBuildFile; fileRef = 2840D7CD1179279E00D7F93C /* HogReportView.xib */; };
		288765080DF74369002DB57D /* CoreGraphics.framework in Frameworks */ = {isa = PBXBuildFile; fileRef = 288765070DF74369002DB57D /* CoreGraphics.framework */; };
		AB41CDF3144E1AF60090CC09 /* UIDeviceProc.m in Sources */ = {isa = PBXBuildFile; fileRef = AB41CDF2144E1AF60090CC09 /* UIDeviceProc.m */; };
		AB41CDF4144E1E520090CC09 /* CaratAppDelegate.m in Sources */ = {isa = PBXBuildFile; fileRef = AB41CDF6144E1E520090CC09 /* CaratAppDelegate.m */; };
		AB41CDF8144E27200090CC09 /* CoreLocation.framework in Frameworks */ = {isa = PBXBuildFile; fileRef = AB41CDF7144E27200090CC09 /* CoreLocation.framework */; };
		AB41CDFA144E3B660090CC09 /* SystemConfiguration.framework in Frameworks */ = {isa = PBXBuildFile; fileRef = AB41CDF9144E3B660090CC09 /* SystemConfiguration.framework */; };
		AB41CDFD144E3B990090CC09 /* Reachability.m in Sources */ = {isa = PBXBuildFile; fileRef = AB41CDFC144E3B990090CC09 /* Reachability.m */; };
		AB41CE06144F56D40090CC09 /* CaratAppDelegate_iPhone.m in Sources */ = {isa = PBXBuildFile; fileRef = AB41CE05144F56D40090CC09 /* CaratAppDelegate_iPhone.m */; };
		AB41CE09144F56E90090CC09 /* CaratAppDelegate_iPad.m in Sources */ = {isa = PBXBuildFile; fileRef = AB41CE08144F56E90090CC09 /* CaratAppDelegate_iPad.m */; };
		AB41CE18144F78450090CC09 /* bug.png in Resources */ = {isa = PBXBuildFile; fileRef = AB41CE16144F78450090CC09 /* bug.png */; };
		AB41CE19144F78450090CC09 /* bug.svg in Resources */ = {isa = PBXBuildFile; fileRef = AB41CE17144F78450090CC09 /* bug.svg */; };
		AB41CE1C1450BC060090CC09 /* hog.png in Resources */ = {isa = PBXBuildFile; fileRef = AB41CE1A1450BC060090CC09 /* hog.png */; };
		AB41CE1D1450BC060090CC09 /* hog.svg in Resources */ = {isa = PBXBuildFile; fileRef = AB41CE1B1450BC060090CC09 /* hog.svg */; };
		AB41CE201450BE620090CC09 /* clock.png in Resources */ = {isa = PBXBuildFile; fileRef = AB41CE1E1450BE620090CC09 /* clock.png */; };
		AB41CE211450BE620090CC09 /* clock.svg in Resources */ = {isa = PBXBuildFile; fileRef = AB41CE1F1450BE620090CC09 /* clock.svg */; };
		AB41CE2E145229FE0090CC09 /* CurrentView.xib in Resources */ = {isa = PBXBuildFile; fileRef = AB41CE2D145229FE0090CC09 /* CurrentView.xib */; };
		AB645DF21456F7760008244B /* icon.svg in Resources */ = {isa = PBXBuildFile; fileRef = AB645DF11456F7760008244B /* icon.svg */; };
		AB645DF41456F9520008244B /* icon.png in Resources */ = {isa = PBXBuildFile; fileRef = AB645DF31456F9520008244B /* icon.png */; };
		AB645DF61456F9EC0008244B /* icon57.png in Resources */ = {isa = PBXBuildFile; fileRef = AB645DF51456F9EC0008244B /* icon57.png */; };
		AB645DF81456FCED0008244B /* icon114.png in Resources */ = {isa = PBXBuildFile; fileRef = AB645DF71456FCED0008244B /* icon114.png */; };
		AB645DFA1456FD0C0008244B /* icon72.png in Resources */ = {isa = PBXBuildFile; fileRef = AB645DF91456FD0C0008244B /* icon72.png */; };
		AB645DFE1456FDD50008244B /* icon57.png in Resources */ = {isa = PBXBuildFile; fileRef = AB645DFB1456FDD50008244B /* icon57.png */; };
		AB645DFF1456FDD50008244B /* icon72.png in Resources */ = {isa = PBXBuildFile; fileRef = AB645DFC1456FDD50008244B /* icon72.png */; };
		AB645E001456FDD50008244B /* icon114.png in Resources */ = {isa = PBXBuildFile; fileRef = AB645DFD1456FDD50008244B /* icon114.png */; };
		AB645E021456FE530008244B /* Default.png in Resources */ = {isa = PBXBuildFile; fileRef = AB645E011456FE530008244B /* Default.png */; };
		AB645E041456FF1F0008244B /* Default@2x.png in Resources */ = {isa = PBXBuildFile; fileRef = AB645E031456FF1F0008244B /* Default@2x.png */; };
		AB7999121455C1C5000AE9FE /* HogReportViewController.m in Sources */ = {isa = PBXBuildFile; fileRef = AB7999111455C1C5000AE9FE /* HogReportViewController.m */; };
		AB7999151455C23E000AE9FE /* CurrentViewController.m in Sources */ = {isa = PBXBuildFile; fileRef = AB7999141455C23E000AE9FE /* CurrentViewController.m */; };
		ABC07A14148569F200FCC2C2 /* ReportItemView.xib in Resources */ = {isa = PBXBuildFile; fileRef = ABC07A13148569F200FCC2C2 /* ReportItemView.xib */; };
		ABC07A161485828A00FCC2C2 /* amplab_logo.png in Resources */ = {isa = PBXBuildFile; fileRef = ABC07A151485828A00FCC2C2 /* amplab_logo.png */; };
		C136F0981466281100F0A292 /* Sampler.m in Sources */ = {isa = PBXBuildFile; fileRef = C136F0971466281100F0A292 /* Sampler.m */; };
		C136F09B14662E5600F0A292 /* CommunicationManager.m in Sources */ = {isa = PBXBuildFile; fileRef = C136F09A14662E5600F0A292 /* CommunicationManager.m */; };
		C14F5C30145BD4D300087F74 /* AsyncSocket.m in Sources */ = {isa = PBXBuildFile; fileRef = C14F5C2D145BD4D300087F74 /* AsyncSocket.m */; };
		C14F5C33145BD54800087F74 /* CFNetwork.framework in Frameworks */ = {isa = PBXBuildFile; fileRef = C14F5C32145BD54800087F74 /* CFNetwork.framework */; };
		C14F5C36145BDA9900087F74 /* AsyncUdpSocket.m in Sources */ = {isa = PBXBuildFile; fileRef = C14F5C35145BDA9900087F74 /* AsyncUdpSocket.m */; };
		C15978A114667AAD0046F1F1 /* CoreDataManager.m in Sources */ = {isa = PBXBuildFile; fileRef = C15978A014667AAD0046F1F1 /* CoreDataManager.m */; };
		C18E106E1466591A0028095B /* CoreData.framework in Frameworks */ = {isa = PBXBuildFile; fileRef = C18E106D1466591A0028095B /* CoreData.framework */; };
		C18E107214665E230028095B /* Carat.xcdatamodeld in Sources */ = {isa = PBXBuildFile; fileRef = C18E107014665E230028095B /* Carat.xcdatamodeld */; };
		C19D41FD146D2386004C842A /* CoreDataProcessInfo.m in Sources */ = {isa = PBXBuildFile; fileRef = C19D41FA146D2385004C842A /* CoreDataProcessInfo.m */; };
		C19D4201146D23B0004C842A /* Globals.m in Sources */ = {isa = PBXBuildFile; fileRef = C19D4200146D23B0004C842A /* Globals.m */; };
		C19D4207146D2AD6004C842A /* CoreDataSample.m in Sources */ = {isa = PBXBuildFile; fileRef = C19D4206146D2AD6004C842A /* CoreDataSample.m */; };
		C1D52E511465F0A9008D6D09 /* CaratProtocol.m in Sources */ = {isa = PBXBuildFile; fileRef = C1D52E501465F0A9008D6D09 /* CaratProtocol.m */; };
		C1D52F2F1465F85A008D6D09 /* TBinaryProtocol.m in Sources */ = {isa = PBXBuildFile; fileRef = C1D52F0F1465F85A008D6D09 /* TBinaryProtocol.m */; };
		C1D52F301465F85A008D6D09 /* TProtocolException.m in Sources */ = {isa = PBXBuildFile; fileRef = C1D52F121465F85A008D6D09 /* TProtocolException.m */; };
		C1D52F311465F85A008D6D09 /* TProtocolUtil.m in Sources */ = {isa = PBXBuildFile; fileRef = C1D52F151465F85A008D6D09 /* TProtocolUtil.m */; };
		C1D52F321465F85A008D6D09 /* TSocketServer.m in Sources */ = {isa = PBXBuildFile; fileRef = C1D52F181465F85A008D6D09 /* TSocketServer.m */; };
		C1D52F331465F85A008D6D09 /* TApplicationException.m in Sources */ = {isa = PBXBuildFile; fileRef = C1D52F1A1465F85A008D6D09 /* TApplicationException.m */; };
		C1D52F341465F85A008D6D09 /* TException.m in Sources */ = {isa = PBXBuildFile; fileRef = C1D52F1C1465F85A008D6D09 /* TException.m */; };
		C1D52F351465F85A008D6D09 /* THTTPClient.m in Sources */ = {isa = PBXBuildFile; fileRef = C1D52F211465F85A008D6D09 /* THTTPClient.m */; };
		C1D52F361465F85A008D6D09 /* TMemoryBuffer.m in Sources */ = {isa = PBXBuildFile; fileRef = C1D52F231465F85A008D6D09 /* TMemoryBuffer.m */; };
		C1D52F371465F85A008D6D09 /* TNSFileHandleTransport.m in Sources */ = {isa = PBXBuildFile; fileRef = C1D52F251465F85A008D6D09 /* TNSFileHandleTransport.m */; };
		C1D52F381465F85A008D6D09 /* TNSStreamTransport.m in Sources */ = {isa = PBXBuildFile; fileRef = C1D52F271465F85A008D6D09 /* TNSStreamTransport.m */; };
		C1D52F391465F85A008D6D09 /* TSocketClient.m in Sources */ = {isa = PBXBuildFile; fileRef = C1D52F291465F85A008D6D09 /* TSocketClient.m */; };
		C1D52F3A1465F85A008D6D09 /* TTransportException.m in Sources */ = {isa = PBXBuildFile; fileRef = C1D52F2C1465F85A008D6D09 /* TTransportException.m */; };
		C1D52F3B1465F85A008D6D09 /* TSharedProcessorFactory.m in Sources */ = {isa = PBXBuildFile; fileRef = C1D52F2E1465F85A008D6D09 /* TSharedProcessorFactory.m */; };
/* End PBXBuildFile section */

/* Begin PBXFileReference section */
		1D30AB110D05D00D00671497 /* Foundation.framework */ = {isa = PBXFileReference; lastKnownFileType = wrapper.framework; name = Foundation.framework; path = System/Library/Frameworks/Foundation.framework; sourceTree = SDKROOT; };
		1D3623240D0F684500981E51 /* CaratAppDelegate.h */ = {isa = PBXFileReference; fileEncoding = 4; lastKnownFileType = sourcecode.c.h; path = CaratAppDelegate.h; sourceTree = "<group>"; };
		1D6058910D05DD3D006BFB54 /* Carat.app */ = {isa = PBXFileReference; explicitFileType = wrapper.application; includeInIndex = 0; path = Carat.app; sourceTree = BUILT_PRODUCTS_DIR; };
		1DF5F4DF0D08C38300B7A737 /* UIKit.framework */ = {isa = PBXFileReference; lastKnownFileType = wrapper.framework; name = UIKit.framework; path = System/Library/Frameworks/UIKit.framework; sourceTree = SDKROOT; };
		28216C950DB411BC00E5133A /* BugReportViewController.h */ = {isa = PBXFileReference; fileEncoding = 4; lastKnownFileType = sourcecode.c.h; path = BugReportViewController.h; sourceTree = "<group>"; };
		28216C960DB411BC00E5133A /* BugReportViewController.m */ = {isa = PBXFileReference; fileEncoding = 4; lastKnownFileType = sourcecode.c.objc; path = BugReportViewController.m; sourceTree = "<group>"; };
		282CCBFD0DB6C98000C4EA27 /* BugReportView.xib */ = {isa = PBXFileReference; lastKnownFileType = file.xib; path = BugReportView.xib; sourceTree = "<group>"; };
		2840D7CD1179279E00D7F93C /* HogReportView.xib */ = {isa = PBXFileReference; lastKnownFileType = file.xib; path = HogReportView.xib; sourceTree = "<group>"; };
		288765070DF74369002DB57D /* CoreGraphics.framework */ = {isa = PBXFileReference; lastKnownFileType = wrapper.framework; name = CoreGraphics.framework; path = System/Library/Frameworks/CoreGraphics.framework; sourceTree = SDKROOT; };
		28A0AB4B0D9B1048005BE974 /* Carat_Prefix.pch */ = {isa = PBXFileReference; fileEncoding = 4; lastKnownFileType = sourcecode.c.h; path = Carat_Prefix.pch; sourceTree = "<group>"; };
		29B97316FDCFA39411CA2CEA /* main.m */ = {isa = PBXFileReference; fileEncoding = 4; lastKnownFileType = sourcecode.c.objc; path = main.m; sourceTree = "<group>"; };
		8D1107310486CEB800E47090 /* Carat-Info.plist */ = {isa = PBXFileReference; fileEncoding = 4; lastKnownFileType = text.plist.xml; path = "Carat-Info.plist"; plistStructureDefinitionIdentifier = "com.apple.xcode.plist.structure-definition.iphone.info-plist"; sourceTree = "<group>"; };
		AB41CDF1144E1AF60090CC09 /* UIDeviceProc.h */ = {isa = PBXFileReference; fileEncoding = 4; lastKnownFileType = sourcecode.c.h; path = UIDeviceProc.h; sourceTree = "<group>"; };
		AB41CDF2144E1AF60090CC09 /* UIDeviceProc.m */ = {isa = PBXFileReference; fileEncoding = 4; lastKnownFileType = sourcecode.c.objc; path = UIDeviceProc.m; sourceTree = "<group>"; };
		AB41CDF5144E1E520090CC09 /* en */ = {isa = PBXFileReference; lastKnownFileType = sourcecode.c.objc; name = en; path = en.lproj/CaratAppDelegate.m; sourceTree = "<group>"; };
		AB41CDF7144E27200090CC09 /* CoreLocation.framework */ = {isa = PBXFileReference; lastKnownFileType = wrapper.framework; name = CoreLocation.framework; path = System/Library/Frameworks/CoreLocation.framework; sourceTree = SDKROOT; };
		AB41CDF9144E3B660090CC09 /* SystemConfiguration.framework */ = {isa = PBXFileReference; lastKnownFileType = wrapper.framework; name = SystemConfiguration.framework; path = System/Library/Frameworks/SystemConfiguration.framework; sourceTree = SDKROOT; };
		AB41CDFB144E3B990090CC09 /* Reachability.h */ = {isa = PBXFileReference; fileEncoding = 4; lastKnownFileType = sourcecode.c.h; path = Reachability.h; sourceTree = "<group>"; };
		AB41CDFC144E3B990090CC09 /* Reachability.m */ = {isa = PBXFileReference; fileEncoding = 4; lastKnownFileType = sourcecode.c.objc; path = Reachability.m; sourceTree = "<group>"; };
		AB41CE04144F56D40090CC09 /* CaratAppDelegate_iPhone.h */ = {isa = PBXFileReference; fileEncoding = 4; lastKnownFileType = sourcecode.c.h; path = CaratAppDelegate_iPhone.h; sourceTree = "<group>"; };
		AB41CE05144F56D40090CC09 /* CaratAppDelegate_iPhone.m */ = {isa = PBXFileReference; fileEncoding = 4; lastKnownFileType = sourcecode.c.objc; path = CaratAppDelegate_iPhone.m; sourceTree = "<group>"; };
		AB41CE07144F56E90090CC09 /* CaratAppDelegate_iPad.h */ = {isa = PBXFileReference; fileEncoding = 4; lastKnownFileType = sourcecode.c.h; path = CaratAppDelegate_iPad.h; sourceTree = "<group>"; };
		AB41CE08144F56E90090CC09 /* CaratAppDelegate_iPad.m */ = {isa = PBXFileReference; fileEncoding = 4; lastKnownFileType = sourcecode.c.objc; path = CaratAppDelegate_iPad.m; sourceTree = "<group>"; };
		AB41CE16144F78450090CC09 /* bug.png */ = {isa = PBXFileReference; lastKnownFileType = image.png; path = bug.png; sourceTree = "<group>"; };
		AB41CE17144F78450090CC09 /* bug.svg */ = {isa = PBXFileReference; fileEncoding = 4; lastKnownFileType = text.xml; path = bug.svg; sourceTree = "<group>"; };
		AB41CE1A1450BC060090CC09 /* hog.png */ = {isa = PBXFileReference; lastKnownFileType = image.png; path = hog.png; sourceTree = "<group>"; };
		AB41CE1B1450BC060090CC09 /* hog.svg */ = {isa = PBXFileReference; fileEncoding = 4; lastKnownFileType = text.xml; path = hog.svg; sourceTree = "<group>"; };
		AB41CE1E1450BE620090CC09 /* clock.png */ = {isa = PBXFileReference; lastKnownFileType = image.png; path = clock.png; sourceTree = "<group>"; };
		AB41CE1F1450BE620090CC09 /* clock.svg */ = {isa = PBXFileReference; fileEncoding = 4; lastKnownFileType = text.xml; path = clock.svg; sourceTree = "<group>"; };
		AB41CE2D145229FE0090CC09 /* CurrentView.xib */ = {isa = PBXFileReference; fileEncoding = 4; lastKnownFileType = file.xib; path = CurrentView.xib; sourceTree = "<group>"; };
		AB645DF11456F7760008244B /* icon.svg */ = {isa = PBXFileReference; fileEncoding = 4; lastKnownFileType = text.xml; path = icon.svg; sourceTree = "<group>"; };
		AB645DF31456F9520008244B /* icon.png */ = {isa = PBXFileReference; lastKnownFileType = image.png; path = icon.png; sourceTree = "<group>"; };
		AB645DF51456F9EC0008244B /* icon57.png */ = {isa = PBXFileReference; lastKnownFileType = image.png; path = icon57.png; sourceTree = "<group>"; };
		AB645DF71456FCED0008244B /* icon114.png */ = {isa = PBXFileReference; lastKnownFileType = image.png; path = icon114.png; sourceTree = "<group>"; };
		AB645DF91456FD0C0008244B /* icon72.png */ = {isa = PBXFileReference; lastKnownFileType = image.png; path = icon72.png; sourceTree = "<group>"; };
		AB645DFB1456FDD50008244B /* icon57.png */ = {isa = PBXFileReference; lastKnownFileType = image.png; path = icon57.png; sourceTree = "<group>"; };
		AB645DFC1456FDD50008244B /* icon72.png */ = {isa = PBXFileReference; lastKnownFileType = image.png; path = icon72.png; sourceTree = "<group>"; };
		AB645DFD1456FDD50008244B /* icon114.png */ = {isa = PBXFileReference; lastKnownFileType = image.png; path = icon114.png; sourceTree = "<group>"; };
		AB645E011456FE530008244B /* Default.png */ = {isa = PBXFileReference; lastKnownFileType = image.png; path = Default.png; sourceTree = "<group>"; };
		AB645E031456FF1F0008244B /* Default@2x.png */ = {isa = PBXFileReference; lastKnownFileType = image.png; path = "Default@2x.png"; sourceTree = "<group>"; };
		AB7999101455C1BC000AE9FE /* HogReportViewController.h */ = {isa = PBXFileReference; fileEncoding = 4; lastKnownFileType = sourcecode.c.h; path = HogReportViewController.h; sourceTree = "<group>"; };
		AB7999111455C1C5000AE9FE /* HogReportViewController.m */ = {isa = PBXFileReference; fileEncoding = 4; lastKnownFileType = sourcecode.c.objc; path = HogReportViewController.m; sourceTree = "<group>"; };
		AB7999131455C237000AE9FE /* CurrentViewController.h */ = {isa = PBXFileReference; fileEncoding = 4; lastKnownFileType = sourcecode.c.h; path = CurrentViewController.h; sourceTree = "<group>"; };
		AB7999141455C23E000AE9FE /* CurrentViewController.m */ = {isa = PBXFileReference; fileEncoding = 4; lastKnownFileType = sourcecode.c.objc; path = CurrentViewController.m; sourceTree = "<group>"; };
		ABC07A13148569F200FCC2C2 /* ReportItemView.xib */ = {isa = PBXFileReference; fileEncoding = 4; lastKnownFileType = file.xib; path = ReportItemView.xib; sourceTree = "<group>"; };
		ABC07A151485828A00FCC2C2 /* amplab_logo.png */ = {isa = PBXFileReference; lastKnownFileType = image.png; path = amplab_logo.png; sourceTree = "<group>"; };
		C136F095146627E100F0A292 /* Sampler.h */ = {isa = PBXFileReference; fileEncoding = 4; lastKnownFileType = sourcecode.c.h; path = Sampler.h; sourceTree = "<group>"; };
		C136F0971466281100F0A292 /* Sampler.m */ = {isa = PBXFileReference; fileEncoding = 4; lastKnownFileType = sourcecode.c.objc; path = Sampler.m; sourceTree = "<group>"; };
		C136F09914662E5600F0A292 /* CommunicationManager.h */ = {isa = PBXFileReference; fileEncoding = 4; lastKnownFileType = sourcecode.c.h; path = CommunicationManager.h; sourceTree = "<group>"; };
		C136F09A14662E5600F0A292 /* CommunicationManager.m */ = {isa = PBXFileReference; fileEncoding = 4; lastKnownFileType = sourcecode.c.objc; path = CommunicationManager.m; sourceTree = "<group>"; };
		C14F5C2C145BD4D300087F74 /* AsyncSocket.h */ = {isa = PBXFileReference; fileEncoding = 4; lastKnownFileType = sourcecode.c.h; path = AsyncSocket.h; sourceTree = "<group>"; };
		C14F5C2D145BD4D300087F74 /* AsyncSocket.m */ = {isa = PBXFileReference; fileEncoding = 4; lastKnownFileType = sourcecode.c.objc; path = AsyncSocket.m; sourceTree = "<group>"; };
		C14F5C32145BD54800087F74 /* CFNetwork.framework */ = {isa = PBXFileReference; lastKnownFileType = wrapper.framework; name = CFNetwork.framework; path = System/Library/Frameworks/CFNetwork.framework; sourceTree = SDKROOT; };
		C14F5C34145BDA9900087F74 /* AsyncUdpSocket.h */ = {isa = PBXFileReference; fileEncoding = 4; lastKnownFileType = sourcecode.c.h; path = AsyncUdpSocket.h; sourceTree = "<group>"; };
		C14F5C35145BDA9900087F74 /* AsyncUdpSocket.m */ = {isa = PBXFileReference; fileEncoding = 4; lastKnownFileType = sourcecode.c.objc; path = AsyncUdpSocket.m; sourceTree = "<group>"; };
		C159789F14667AAD0046F1F1 /* CoreDataManager.h */ = {isa = PBXFileReference; fileEncoding = 4; lastKnownFileType = sourcecode.c.h; path = CoreDataManager.h; sourceTree = "<group>"; };
		C15978A014667AAD0046F1F1 /* CoreDataManager.m */ = {isa = PBXFileReference; fileEncoding = 4; lastKnownFileType = sourcecode.c.objc; path = CoreDataManager.m; sourceTree = "<group>"; };
		C18E106D1466591A0028095B /* CoreData.framework */ = {isa = PBXFileReference; lastKnownFileType = wrapper.framework; name = CoreData.framework; path = System/Library/Frameworks/CoreData.framework; sourceTree = SDKROOT; };
		C18E107114665E230028095B /* Carat.xcdatamodel */ = {isa = PBXFileReference; lastKnownFileType = wrapper.xcdatamodel; path = Carat.xcdatamodel; sourceTree = "<group>"; };
		C19D41F9146D2385004C842A /* CoreDataProcessInfo.h */ = {isa = PBXFileReference; fileEncoding = 4; lastKnownFileType = sourcecode.c.h; path = CoreDataProcessInfo.h; sourceTree = "<group>"; };
		C19D41FA146D2385004C842A /* CoreDataProcessInfo.m */ = {isa = PBXFileReference; fileEncoding = 4; lastKnownFileType = sourcecode.c.objc; path = CoreDataProcessInfo.m; sourceTree = "<group>"; };
		C19D41FF146D23B0004C842A /* Globals.h */ = {isa = PBXFileReference; fileEncoding = 4; lastKnownFileType = sourcecode.c.h; path = Globals.h; sourceTree = "<group>"; };
		C19D4200146D23B0004C842A /* Globals.m */ = {isa = PBXFileReference; fileEncoding = 4; lastKnownFileType = sourcecode.c.objc; path = Globals.m; sourceTree = "<group>"; };
		C19D4205146D2AD6004C842A /* CoreDataSample.h */ = {isa = PBXFileReference; fileEncoding = 4; lastKnownFileType = sourcecode.c.h; path = CoreDataSample.h; sourceTree = "<group>"; };
		C19D4206146D2AD6004C842A /* CoreDataSample.m */ = {isa = PBXFileReference; fileEncoding = 4; lastKnownFileType = sourcecode.c.objc; path = CoreDataSample.m; sourceTree = "<group>"; };
		C1D52E4F1465F0A9008D6D09 /* CaratProtocol.h */ = {isa = PBXFileReference; fileEncoding = 4; lastKnownFileType = sourcecode.c.h; path = CaratProtocol.h; sourceTree = "<group>"; };
		C1D52E501465F0A9008D6D09 /* CaratProtocol.m */ = {isa = PBXFileReference; fileEncoding = 4; lastKnownFileType = sourcecode.c.objc; path = CaratProtocol.m; sourceTree = "<group>"; };
		C1D52F0E1465F85A008D6D09 /* TBinaryProtocol.h */ = {isa = PBXFileReference; fileEncoding = 4; lastKnownFileType = sourcecode.c.h; path = TBinaryProtocol.h; sourceTree = "<group>"; };
		C1D52F0F1465F85A008D6D09 /* TBinaryProtocol.m */ = {isa = PBXFileReference; fileEncoding = 4; lastKnownFileType = sourcecode.c.objc; path = TBinaryProtocol.m; sourceTree = "<group>"; };
		C1D52F101465F85A008D6D09 /* TProtocol.h */ = {isa = PBXFileReference; fileEncoding = 4; lastKnownFileType = sourcecode.c.h; path = TProtocol.h; sourceTree = "<group>"; };
		C1D52F111465F85A008D6D09 /* TProtocolException.h */ = {isa = PBXFileReference; fileEncoding = 4; lastKnownFileType = sourcecode.c.h; path = TProtocolException.h; sourceTree = "<group>"; };
		C1D52F121465F85A008D6D09 /* TProtocolException.m */ = {isa = PBXFileReference; fileEncoding = 4; lastKnownFileType = sourcecode.c.objc; path = TProtocolException.m; sourceTree = "<group>"; };
		C1D52F131465F85A008D6D09 /* TProtocolFactory.h */ = {isa = PBXFileReference; fileEncoding = 4; lastKnownFileType = sourcecode.c.h; path = TProtocolFactory.h; sourceTree = "<group>"; };
		C1D52F141465F85A008D6D09 /* TProtocolUtil.h */ = {isa = PBXFileReference; fileEncoding = 4; lastKnownFileType = sourcecode.c.h; path = TProtocolUtil.h; sourceTree = "<group>"; };
		C1D52F151465F85A008D6D09 /* TProtocolUtil.m */ = {isa = PBXFileReference; fileEncoding = 4; lastKnownFileType = sourcecode.c.objc; path = TProtocolUtil.m; sourceTree = "<group>"; };
		C1D52F171465F85A008D6D09 /* TSocketServer.h */ = {isa = PBXFileReference; fileEncoding = 4; lastKnownFileType = sourcecode.c.h; path = TSocketServer.h; sourceTree = "<group>"; };
		C1D52F181465F85A008D6D09 /* TSocketServer.m */ = {isa = PBXFileReference; fileEncoding = 4; lastKnownFileType = sourcecode.c.objc; path = TSocketServer.m; sourceTree = "<group>"; };
		C1D52F191465F85A008D6D09 /* TApplicationException.h */ = {isa = PBXFileReference; fileEncoding = 4; lastKnownFileType = sourcecode.c.h; path = TApplicationException.h; sourceTree = "<group>"; };
		C1D52F1A1465F85A008D6D09 /* TApplicationException.m */ = {isa = PBXFileReference; fileEncoding = 4; lastKnownFileType = sourcecode.c.objc; path = TApplicationException.m; sourceTree = "<group>"; };
		C1D52F1B1465F85A008D6D09 /* TException.h */ = {isa = PBXFileReference; fileEncoding = 4; lastKnownFileType = sourcecode.c.h; path = TException.h; sourceTree = "<group>"; };
		C1D52F1C1465F85A008D6D09 /* TException.m */ = {isa = PBXFileReference; fileEncoding = 4; lastKnownFileType = sourcecode.c.objc; path = TException.m; sourceTree = "<group>"; };
		C1D52F1D1465F85A008D6D09 /* TProcessor.h */ = {isa = PBXFileReference; fileEncoding = 4; lastKnownFileType = sourcecode.c.h; path = TProcessor.h; sourceTree = "<group>"; };
		C1D52F1E1465F85A008D6D09 /* TProcessorFactory.h */ = {isa = PBXFileReference; fileEncoding = 4; lastKnownFileType = sourcecode.c.h; path = TProcessorFactory.h; sourceTree = "<group>"; };
		C1D52F201465F85A008D6D09 /* THTTPClient.h */ = {isa = PBXFileReference; fileEncoding = 4; lastKnownFileType = sourcecode.c.h; path = THTTPClient.h; sourceTree = "<group>"; };
		C1D52F211465F85A008D6D09 /* THTTPClient.m */ = {isa = PBXFileReference; fileEncoding = 4; lastKnownFileType = sourcecode.c.objc; path = THTTPClient.m; sourceTree = "<group>"; };
		C1D52F221465F85A008D6D09 /* TMemoryBuffer.h */ = {isa = PBXFileReference; fileEncoding = 4; lastKnownFileType = sourcecode.c.h; path = TMemoryBuffer.h; sourceTree = "<group>"; };
		C1D52F231465F85A008D6D09 /* TMemoryBuffer.m */ = {isa = PBXFileReference; fileEncoding = 4; lastKnownFileType = sourcecode.c.objc; path = TMemoryBuffer.m; sourceTree = "<group>"; };
		C1D52F241465F85A008D6D09 /* TNSFileHandleTransport.h */ = {isa = PBXFileReference; fileEncoding = 4; lastKnownFileType = sourcecode.c.h; path = TNSFileHandleTransport.h; sourceTree = "<group>"; };
		C1D52F251465F85A008D6D09 /* TNSFileHandleTransport.m */ = {isa = PBXFileReference; fileEncoding = 4; lastKnownFileType = sourcecode.c.objc; path = TNSFileHandleTransport.m; sourceTree = "<group>"; };
		C1D52F261465F85A008D6D09 /* TNSStreamTransport.h */ = {isa = PBXFileReference; fileEncoding = 4; lastKnownFileType = sourcecode.c.h; path = TNSStreamTransport.h; sourceTree = "<group>"; };
		C1D52F271465F85A008D6D09 /* TNSStreamTransport.m */ = {isa = PBXFileReference; fileEncoding = 4; lastKnownFileType = sourcecode.c.objc; path = TNSStreamTransport.m; sourceTree = "<group>"; };
		C1D52F281465F85A008D6D09 /* TSocketClient.h */ = {isa = PBXFileReference; fileEncoding = 4; lastKnownFileType = sourcecode.c.h; path = TSocketClient.h; sourceTree = "<group>"; };
		C1D52F291465F85A008D6D09 /* TSocketClient.m */ = {isa = PBXFileReference; fileEncoding = 4; lastKnownFileType = sourcecode.c.objc; path = TSocketClient.m; sourceTree = "<group>"; };
		C1D52F2A1465F85A008D6D09 /* TTransport.h */ = {isa = PBXFileReference; fileEncoding = 4; lastKnownFileType = sourcecode.c.h; path = TTransport.h; sourceTree = "<group>"; };
		C1D52F2B1465F85A008D6D09 /* TTransportException.h */ = {isa = PBXFileReference; fileEncoding = 4; lastKnownFileType = sourcecode.c.h; path = TTransportException.h; sourceTree = "<group>"; };
		C1D52F2C1465F85A008D6D09 /* TTransportException.m */ = {isa = PBXFileReference; fileEncoding = 4; lastKnownFileType = sourcecode.c.objc; path = TTransportException.m; sourceTree = "<group>"; };
		C1D52F2D1465F85A008D6D09 /* TSharedProcessorFactory.h */ = {isa = PBXFileReference; fileEncoding = 4; lastKnownFileType = sourcecode.c.h; path = TSharedProcessorFactory.h; sourceTree = "<group>"; };
		C1D52F2E1465F85A008D6D09 /* TSharedProcessorFactory.m */ = {isa = PBXFileReference; fileEncoding = 4; lastKnownFileType = sourcecode.c.objc; path = TSharedProcessorFactory.m; sourceTree = "<group>"; };
/* End PBXFileReference section */

/* Begin PBXFrameworksBuildPhase section */
		1D60588F0D05DD3D006BFB54 /* Frameworks */ = {
			isa = PBXFrameworksBuildPhase;
			buildActionMask = 2147483647;
			files = (
				C18E106E1466591A0028095B /* CoreData.framework in Frameworks */,
				AB41CDFA144E3B660090CC09 /* SystemConfiguration.framework in Frameworks */,
				AB41CDF8144E27200090CC09 /* CoreLocation.framework in Frameworks */,
				1D60589F0D05DD5A006BFB54 /* Foundation.framework in Frameworks */,
				1DF5F4E00D08C38300B7A737 /* UIKit.framework in Frameworks */,
				288765080DF74369002DB57D /* CoreGraphics.framework in Frameworks */,
				C14F5C33145BD54800087F74 /* CFNetwork.framework in Frameworks */,
			);
			runOnlyForDeploymentPostprocessing = 0;
		};
/* End PBXFrameworksBuildPhase section */

/* Begin PBXGroup section */
		080E96DDFE201D6D7F000001 /* Classes */ = {
			isa = PBXGroup;
			children = (
				AB41CE0A144F572D0090CC09 /* iPhone */,
				AB41CE0C144F574A0090CC09 /* iPad */,
				C1D52F0C1465F85A008D6D09 /* Thrift */,
				C1D52E4F1465F0A9008D6D09 /* CaratProtocol.h */,
				C1D52E501465F0A9008D6D09 /* CaratProtocol.m */,
				C19D41FF146D23B0004C842A /* Globals.h */,
				C19D4200146D23B0004C842A /* Globals.m */,
				C19D4205146D2AD6004C842A /* CoreDataSample.h */,
				C19D4206146D2AD6004C842A /* CoreDataSample.m */,
				C19D41F9146D2385004C842A /* CoreDataProcessInfo.h */,
				C19D41FA146D2385004C842A /* CoreDataProcessInfo.m */,
				C136F095146627E100F0A292 /* Sampler.h */,
				C136F0971466281100F0A292 /* Sampler.m */,
				C14F5C34145BDA9900087F74 /* AsyncUdpSocket.h */,
				C14F5C35145BDA9900087F74 /* AsyncUdpSocket.m */,
				C14F5C2C145BD4D300087F74 /* AsyncSocket.h */,
				C14F5C2D145BD4D300087F74 /* AsyncSocket.m */,
				1D3623240D0F684500981E51 /* CaratAppDelegate.h */,
				AB41CDF6144E1E520090CC09 /* CaratAppDelegate.m */,
				C159789F14667AAD0046F1F1 /* CoreDataManager.h */,
				C15978A014667AAD0046F1F1 /* CoreDataManager.m */,
				28216C950DB411BC00E5133A /* BugReportViewController.h */,
				28216C960DB411BC00E5133A /* BugReportViewController.m */,
				AB7999101455C1BC000AE9FE /* HogReportViewController.h */,
				AB7999111455C1C5000AE9FE /* HogReportViewController.m */,
				AB7999131455C237000AE9FE /* CurrentViewController.h */,
				AB7999141455C23E000AE9FE /* CurrentViewController.m */,
				AB41CDF1144E1AF60090CC09 /* UIDeviceProc.h */,
				AB41CDF2144E1AF60090CC09 /* UIDeviceProc.m */,
				AB41CDFB144E3B990090CC09 /* Reachability.h */,
				AB41CDFC144E3B990090CC09 /* Reachability.m */,
				C136F09914662E5600F0A292 /* CommunicationManager.h */,
				C136F09A14662E5600F0A292 /* CommunicationManager.m */,
			);
			path = Classes;
			sourceTree = "<group>";
		};
		19C28FACFE9D520D11CA2CBB /* Products */ = {
			isa = PBXGroup;
			children = (
				1D6058910D05DD3D006BFB54 /* Carat.app */,
			);
			name = Products;
			sourceTree = "<group>";
		};
		29B97314FDCFA39411CA2CEA /* Carat */ = {
			isa = PBXGroup;
			children = (
				AB645E031456FF1F0008244B /* Default@2x.png */,
				AB645E011456FE530008244B /* Default.png */,
				AB645DF91456FD0C0008244B /* icon72.png */,
				AB645DF71456FCED0008244B /* icon114.png */,
				AB645DF51456F9EC0008244B /* icon57.png */,
				080E96DDFE201D6D7F000001 /* Classes */,
				29B97315FDCFA39411CA2CEA /* Other Sources */,
				29B97317FDCFA39411CA2CEA /* Resources */,
				29B97323FDCFA39411CA2CEA /* Frameworks */,
				19C28FACFE9D520D11CA2CBB /* Products */,
			);
			name = Carat;
			sourceTree = "<group>";
		};
		29B97315FDCFA39411CA2CEA /* Other Sources */ = {
			isa = PBXGroup;
			children = (
				28A0AB4B0D9B1048005BE974 /* Carat_Prefix.pch */,
				29B97316FDCFA39411CA2CEA /* main.m */,
			);
			name = "Other Sources";
			sourceTree = "<group>";
		};
		29B97317FDCFA39411CA2CEA /* Resources */ = {
			isa = PBXGroup;
			children = (
				C18E107014665E230028095B /* Carat.xcdatamodeld */,
				2840D7CD1179279E00D7F93C /* HogReportView.xib */,
				AB41CE2D145229FE0090CC09 /* CurrentView.xib */,
				282CCBFD0DB6C98000C4EA27 /* BugReportView.xib */,
				ABC07A13148569F200FCC2C2 /* ReportItemView.xib */,
				AB41CE15144F78450090CC09 /* img */,
				8D1107310486CEB800E47090 /* Carat-Info.plist */,
			);
			name = Resources;
			sourceTree = "<group>";
		};
		29B97323FDCFA39411CA2CEA /* Frameworks */ = {
			isa = PBXGroup;
			children = (
				C18E106D1466591A0028095B /* CoreData.framework */,
				C14F5C32145BD54800087F74 /* CFNetwork.framework */,
				AB41CDF9144E3B660090CC09 /* SystemConfiguration.framework */,
				AB41CDF7144E27200090CC09 /* CoreLocation.framework */,
				1DF5F4DF0D08C38300B7A737 /* UIKit.framework */,
				1D30AB110D05D00D00671497 /* Foundation.framework */,
				288765070DF74369002DB57D /* CoreGraphics.framework */,
			);
			name = Frameworks;
			sourceTree = "<group>";
		};
		AB41CE0A144F572D0090CC09 /* iPhone */ = {
			isa = PBXGroup;
			children = (
				AB41CE04144F56D40090CC09 /* CaratAppDelegate_iPhone.h */,
				AB41CE05144F56D40090CC09 /* CaratAppDelegate_iPhone.m */,
			);
			name = iPhone;
			sourceTree = "<group>";
		};
		AB41CE0C144F574A0090CC09 /* iPad */ = {
			isa = PBXGroup;
			children = (
				AB41CE07144F56E90090CC09 /* CaratAppDelegate_iPad.h */,
				AB41CE08144F56E90090CC09 /* CaratAppDelegate_iPad.m */,
			);
			name = iPad;
			sourceTree = "<group>";
		};
		AB41CE15144F78450090CC09 /* img */ = {
			isa = PBXGroup;
			children = (
				ABC07A151485828A00FCC2C2 /* amplab_logo.png */,
				AB645DF11456F7760008244B /* icon.svg */,
				AB645DF31456F9520008244B /* icon.png */,
				AB645DFB1456FDD50008244B /* icon57.png */,
				AB645DFC1456FDD50008244B /* icon72.png */,
				AB645DFD1456FDD50008244B /* icon114.png */,
				AB41CE1E1450BE620090CC09 /* clock.png */,
				AB41CE1F1450BE620090CC09 /* clock.svg */,
				AB41CE1A1450BC060090CC09 /* hog.png */,
				AB41CE1B1450BC060090CC09 /* hog.svg */,
				AB41CE16144F78450090CC09 /* bug.png */,
				AB41CE17144F78450090CC09 /* bug.svg */,
			);
			path = img;
			sourceTree = "<group>";
		};
		C1D52F0C1465F85A008D6D09 /* Thrift */ = {
			isa = PBXGroup;
			children = (
				C1D52F0D1465F85A008D6D09 /* protocol */,
				C1D52F161465F85A008D6D09 /* server */,
				C1D52F191465F85A008D6D09 /* TApplicationException.h */,
				C1D52F1A1465F85A008D6D09 /* TApplicationException.m */,
				C1D52F1B1465F85A008D6D09 /* TException.h */,
				C1D52F1C1465F85A008D6D09 /* TException.m */,
				C1D52F1D1465F85A008D6D09 /* TProcessor.h */,
				C1D52F1E1465F85A008D6D09 /* TProcessorFactory.h */,
				C1D52F1F1465F85A008D6D09 /* transport */,
				C1D52F2D1465F85A008D6D09 /* TSharedProcessorFactory.h */,
				C1D52F2E1465F85A008D6D09 /* TSharedProcessorFactory.m */,
			);
			path = Thrift;
			sourceTree = "<group>";
		};
		C1D52F0D1465F85A008D6D09 /* protocol */ = {
			isa = PBXGroup;
			children = (
				C1D52F0E1465F85A008D6D09 /* TBinaryProtocol.h */,
				C1D52F0F1465F85A008D6D09 /* TBinaryProtocol.m */,
				C1D52F101465F85A008D6D09 /* TProtocol.h */,
				C1D52F111465F85A008D6D09 /* TProtocolException.h */,
				C1D52F121465F85A008D6D09 /* TProtocolException.m */,
				C1D52F131465F85A008D6D09 /* TProtocolFactory.h */,
				C1D52F141465F85A008D6D09 /* TProtocolUtil.h */,
				C1D52F151465F85A008D6D09 /* TProtocolUtil.m */,
			);
			path = protocol;
			sourceTree = "<group>";
		};
		C1D52F161465F85A008D6D09 /* server */ = {
			isa = PBXGroup;
			children = (
				C1D52F171465F85A008D6D09 /* TSocketServer.h */,
				C1D52F181465F85A008D6D09 /* TSocketServer.m */,
			);
			path = server;
			sourceTree = "<group>";
		};
		C1D52F1F1465F85A008D6D09 /* transport */ = {
			isa = PBXGroup;
			children = (
				C1D52F201465F85A008D6D09 /* THTTPClient.h */,
				C1D52F211465F85A008D6D09 /* THTTPClient.m */,
				C1D52F221465F85A008D6D09 /* TMemoryBuffer.h */,
				C1D52F231465F85A008D6D09 /* TMemoryBuffer.m */,
				C1D52F241465F85A008D6D09 /* TNSFileHandleTransport.h */,
				C1D52F251465F85A008D6D09 /* TNSFileHandleTransport.m */,
				C1D52F261465F85A008D6D09 /* TNSStreamTransport.h */,
				C1D52F271465F85A008D6D09 /* TNSStreamTransport.m */,
				C1D52F281465F85A008D6D09 /* TSocketClient.h */,
				C1D52F291465F85A008D6D09 /* TSocketClient.m */,
				C1D52F2A1465F85A008D6D09 /* TTransport.h */,
				C1D52F2B1465F85A008D6D09 /* TTransportException.h */,
				C1D52F2C1465F85A008D6D09 /* TTransportException.m */,
			);
			path = transport;
			sourceTree = "<group>";
		};
/* End PBXGroup section */

/* Begin PBXNativeTarget section */
		1D6058900D05DD3D006BFB54 /* Carat */ = {
			isa = PBXNativeTarget;
			buildConfigurationList = 1D6058960D05DD3E006BFB54 /* Build configuration list for PBXNativeTarget "Carat" */;
			buildPhases = (
				1D60588D0D05DD3D006BFB54 /* Resources */,
				1D60588E0D05DD3D006BFB54 /* Sources */,
				1D60588F0D05DD3D006BFB54 /* Frameworks */,
			);
			buildRules = (
			);
			dependencies = (
			);
			name = Carat;
			productName = Carat;
			productReference = 1D6058910D05DD3D006BFB54 /* Carat.app */;
			productType = "com.apple.product-type.application";
		};
/* End PBXNativeTarget section */

/* Begin PBXProject section */
		29B97313FDCFA39411CA2CEA /* Project object */ = {
			isa = PBXProject;
			attributes = {
				LastUpgradeCheck = 0420;
				ORGANIZATIONNAME = "UC Berkeley";
			};
			buildConfigurationList = C01FCF4E08A954540054247B /* Build configuration list for PBXProject "Carat" */;
			compatibilityVersion = "Xcode 3.2";
			developmentRegion = English;
			hasScannedForEncodings = 1;
			knownRegions = (
				English,
				Japanese,
				French,
				German,
			);
			mainGroup = 29B97314FDCFA39411CA2CEA /* Carat */;
			projectDirPath = "";
			projectRoot = "";
			targets = (
				1D6058900D05DD3D006BFB54 /* Carat */,
			);
		};
/* End PBXProject section */

/* Begin PBXResourcesBuildPhase section */
		1D60588D0D05DD3D006BFB54 /* Resources */ = {
			isa = PBXResourcesBuildPhase;
			buildActionMask = 2147483647;
			files = (
				282CCBFE0DB6C98000C4EA27 /* BugReportView.xib in Resources */,
				2840D7CE1179279E00D7F93C /* HogReportView.xib in Resources */,
				AB41CE18144F78450090CC09 /* bug.png in Resources */,
				AB41CE19144F78450090CC09 /* bug.svg in Resources */,
				AB41CE1C1450BC060090CC09 /* hog.png in Resources */,
				AB41CE1D1450BC060090CC09 /* hog.svg in Resources */,
				AB41CE201450BE620090CC09 /* clock.png in Resources */,
				AB41CE211450BE620090CC09 /* clock.svg in Resources */,
				AB41CE2E145229FE0090CC09 /* CurrentView.xib in Resources */,
				AB645DF21456F7760008244B /* icon.svg in Resources */,
				AB645DF41456F9520008244B /* icon.png in Resources */,
				AB645DF61456F9EC0008244B /* icon57.png in Resources */,
				AB645DF81456FCED0008244B /* icon114.png in Resources */,
				AB645DFA1456FD0C0008244B /* icon72.png in Resources */,
				AB645DFE1456FDD50008244B /* icon57.png in Resources */,
				AB645DFF1456FDD50008244B /* icon72.png in Resources */,
				AB645E001456FDD50008244B /* icon114.png in Resources */,
				AB645E021456FE530008244B /* Default.png in Resources */,
				AB645E041456FF1F0008244B /* Default@2x.png in Resources */,
				ABC07A14148569F200FCC2C2 /* ReportItemView.xib in Resources */,
				ABC07A161485828A00FCC2C2 /* amplab_logo.png in Resources */,
			);
			runOnlyForDeploymentPostprocessing = 0;
		};
/* End PBXResourcesBuildPhase section */

/* Begin PBXSourcesBuildPhase section */
		1D60588E0D05DD3D006BFB54 /* Sources */ = {
			isa = PBXSourcesBuildPhase;
			buildActionMask = 2147483647;
			files = (
				1D60589B0D05DD56006BFB54 /* main.m in Sources */,
				AB41CDF4144E1E520090CC09 /* CaratAppDelegate.m in Sources */,
				28216C970DB411BC00E5133A /* BugReportViewController.m in Sources */,
				AB41CDF3144E1AF60090CC09 /* UIDeviceProc.m in Sources */,
				AB41CDFD144E3B990090CC09 /* Reachability.m in Sources */,
				AB41CE06144F56D40090CC09 /* CaratAppDelegate_iPhone.m in Sources */,
				AB41CE09144F56E90090CC09 /* CaratAppDelegate_iPad.m in Sources */,
				AB7999121455C1C5000AE9FE /* HogReportViewController.m in Sources */,
				AB7999151455C23E000AE9FE /* CurrentViewController.m in Sources */,
				C14F5C30145BD4D300087F74 /* AsyncSocket.m in Sources */,
				C14F5C36145BDA9900087F74 /* AsyncUdpSocket.m in Sources */,
				C1D52E511465F0A9008D6D09 /* CaratProtocol.m in Sources */,
				C1D52F2F1465F85A008D6D09 /* TBinaryProtocol.m in Sources */,
				C1D52F301465F85A008D6D09 /* TProtocolException.m in Sources */,
				C1D52F311465F85A008D6D09 /* TProtocolUtil.m in Sources */,
				C1D52F321465F85A008D6D09 /* TSocketServer.m in Sources */,
				C1D52F331465F85A008D6D09 /* TApplicationException.m in Sources */,
				C1D52F341465F85A008D6D09 /* TException.m in Sources */,
				C1D52F351465F85A008D6D09 /* THTTPClient.m in Sources */,
				C1D52F361465F85A008D6D09 /* TMemoryBuffer.m in Sources */,
				C1D52F371465F85A008D6D09 /* TNSFileHandleTransport.m in Sources */,
				C1D52F381465F85A008D6D09 /* TNSStreamTransport.m in Sources */,
				C1D52F391465F85A008D6D09 /* TSocketClient.m in Sources */,
				C1D52F3A1465F85A008D6D09 /* TTransportException.m in Sources */,
				C1D52F3B1465F85A008D6D09 /* TSharedProcessorFactory.m in Sources */,
				C136F0981466281100F0A292 /* Sampler.m in Sources */,
				C136F09B14662E5600F0A292 /* CommunicationManager.m in Sources */,
				C18E107214665E230028095B /* Carat.xcdatamodeld in Sources */,
				C15978A114667AAD0046F1F1 /* CoreDataManager.m in Sources */,
				C19D41FD146D2386004C842A /* CoreDataProcessInfo.m in Sources */,
				C19D4201146D23B0004C842A /* Globals.m in Sources */,
				C19D4207146D2AD6004C842A /* CoreDataSample.m in Sources */,
			);
			runOnlyForDeploymentPostprocessing = 0;
		};
/* End PBXSourcesBuildPhase section */

/* Begin PBXVariantGroup section */
		AB41CDF6144E1E520090CC09 /* CaratAppDelegate.m */ = {
			isa = PBXVariantGroup;
			children = (
				AB41CDF5144E1E520090CC09 /* en */,
			);
			name = CaratAppDelegate.m;
			sourceTree = "<group>";
		};
/* End PBXVariantGroup section */

/* Begin XCBuildConfiguration section */
		1D6058940D05DD3E006BFB54 /* Debug */ = {
			isa = XCBuildConfiguration;
			buildSettings = {
				ALWAYS_SEARCH_USER_PATHS = NO;
				CLANG_ENABLE_OBJC_ARC = NO;
				COPY_PHASE_STRIP = NO;
				GCC_DYNAMIC_NO_PIC = NO;
				GCC_OPTIMIZATION_LEVEL = 0;
				GCC_PRECOMPILE_PREFIX_HEADER = YES;
				GCC_PREFIX_HEADER = Carat_Prefix.pch;
				GCC_VERSION = com.apple.compilers.llvm.clang.1_0;
				INFOPLIST_FILE = "Carat-Info.plist";
				IPHONEOS_DEPLOYMENT_TARGET = 4.0;
				PRODUCT_NAME = Carat;
			};
			name = Debug;
		};
		1D6058950D05DD3E006BFB54 /* Release */ = {
			isa = XCBuildConfiguration;
			buildSettings = {
				ALWAYS_SEARCH_USER_PATHS = NO;
				CLANG_ENABLE_OBJC_ARC = NO;
				COPY_PHASE_STRIP = YES;
				GCC_PRECOMPILE_PREFIX_HEADER = YES;
				GCC_PREFIX_HEADER = Carat_Prefix.pch;
				GCC_VERSION = com.apple.compilers.llvm.clang.1_0;
				INFOPLIST_FILE = "Carat-Info.plist";
				IPHONEOS_DEPLOYMENT_TARGET = 4.0;
				PRODUCT_NAME = Carat;
				VALIDATE_PRODUCT = YES;
			};
			name = Release;
		};
		C01FCF4F08A954540054247B /* Debug */ = {
			isa = XCBuildConfiguration;
			buildSettings = {
				ARCHS = (
					armv6,
					armv7,
				);
				CLANG_ENABLE_OBJC_ARC = NO;
				CLANG_WARN_OBJCPP_ARC_ABI = NO;
				"CODE_SIGN_IDENTITY[sdk=iphoneos*]" = "iPhone Developer";
				GCC_C_LANGUAGE_STANDARD = c99;
				GCC_WARN_ABOUT_RETURN_TYPE = YES;
				GCC_WARN_UNUSED_VARIABLE = YES;
				SDKROOT = iphoneos;
				TARGETED_DEVICE_FAMILY = "1,2";
			};
			name = Debug;
		};
		C01FCF5008A954540054247B /* Release */ = {
			isa = XCBuildConfiguration;
			buildSettings = {
				ARCHS = (
					armv6,
					armv7,
				);
				CLANG_ENABLE_OBJC_ARC = NO;
				CLANG_WARN_OBJCPP_ARC_ABI = NO;
				"CODE_SIGN_IDENTITY[sdk=iphoneos*]" = "iPhone Developer";
				GCC_C_LANGUAGE_STANDARD = c99;
				GCC_WARN_ABOUT_RETURN_TYPE = YES;
				GCC_WARN_UNUSED_VARIABLE = YES;
				OTHER_CFLAGS = "-DNS_BLOCK_ASSERTIONS=1";
				SDKROOT = iphoneos;
				TARGETED_DEVICE_FAMILY = "1,2";
			};
			name = Release;
		};
/* End XCBuildConfiguration section */

/* Begin XCConfigurationList section */
		1D6058960D05DD3E006BFB54 /* Build configuration list for PBXNativeTarget "Carat" */ = {
			isa = XCConfigurationList;
			buildConfigurations = (
				1D6058940D05DD3E006BFB54 /* Debug */,
				1D6058950D05DD3E006BFB54 /* Release */,
			);
			defaultConfigurationIsVisible = 0;
			defaultConfigurationName = Release;
		};
		C01FCF4E08A954540054247B /* Build configuration list for PBXProject "Carat" */ = {
			isa = XCConfigurationList;
			buildConfigurations = (
				C01FCF4F08A954540054247B /* Debug */,
				C01FCF5008A954540054247B /* Release */,
			);
			defaultConfigurationIsVisible = 0;
			defaultConfigurationName = Release;
		};
/* End XCConfigurationList section */

/* Begin XCVersionGroup section */
		C18E107014665E230028095B /* Carat.xcdatamodeld */ = {
			isa = XCVersionGroup;
			children = (
				C18E107114665E230028095B /* Carat.xcdatamodel */,
			);
			currentVersion = C18E107114665E230028095B /* Carat.xcdatamodel */;
			path = Carat.xcdatamodeld;
			sourceTree = "<group>";
			versionGroupType = wrapper.xcdatamodel;
		};
/* End XCVersionGroup section */
	};
	rootObject = 29B97313FDCFA39411CA2CEA /* Project object */;
}
